PODS:
  - Alamofire (4.7.2)
  - ChameleonFramework/Default (2.1.0)
  - ChameleonFramework/Swift (2.1.0):
    - ChameleonFramework/Default
  - Font-Awesome-Swift (1.7.2)
  - Hero (1.2.0)
  - Instructions (1.2.0)
  - RAMPaperSwitch (2.1.0)
  - ReachabilitySwift (4.3.0)
  - SCLAlertView (0.8)
  - Spring (1.0.5)
  - SwiftMessages (4.1.2)
  - SwiftyJSON (4.1.0)
  - SwiftyStoreKit (0.13.2)

DEPENDENCIES:
  - Alamofire (~> 4.7)
  - ChameleonFramework/Swift (from `https://github.com/ViccAlexander/Chameleon.git`)
  - Font-Awesome-Swift
  - Hero (~> 1.2.0)
  - Instructions (~> 1.2.0)
  - RAMPaperSwitch
  - ReachabilitySwift
  - SCLAlertView
  - Spring
  - SwiftMessages
  - SwiftyJSON
  - SwiftyStoreKit

SPEC REPOS:
  https://github.com/cocoapods/specs.git:
    - Alamofire
    - Font-Awesome-Swift
    - Hero
    - Instructions
    - RAMPaperSwitch
    - ReachabilitySwift
    - SCLAlertView
    - Spring
    - SwiftMessages
    - SwiftyJSON
    - SwiftyStoreKit

EXTERNAL SOURCES:
  ChameleonFramework:
    :git: https://github.com/ViccAlexander/Chameleon.git

CHECKOUT OPTIONS:
  ChameleonFramework:
    :commit: 6dd284bde21ea2e7f9fd89bc36f40df16e16369d
    :git: https://github.com/ViccAlexander/Chameleon.git

SPEC CHECKSUMS:
  Alamofire: e4fa87002c137ba2d8d634d2c51fabcda0d5c223
  ChameleonFramework: d21a3cc247abfe5e37609a283a8238b03575cf64
  Font-Awesome-Swift: 83ab9db365379ee6025167cec67bdc5d3226a811
  Hero: 33dadf2cd1c98af71e213dcbc2902e6e03622a4e
  Instructions: 763c2452bd78e05d8f969a21c1cbc3c07deef33a
  RAMPaperSwitch: ef08af0400a040c9850e09253280deb77510becb
  ReachabilitySwift: 408477d1b6ed9779dba301953171e017c31241f3
  SCLAlertView: 6a77bb2edfc65e04dbe57725546cb4107a506b85
  Spring: 17901566c8ecf3a1327902b940406c64512f9bb1
  SwiftMessages: d81f48c1f8b6bc1dbebdfffe11226f0344f937ca
  SwiftyJSON: c29297daf073d2aa016295d5809cdd68045c39b3
  SwiftyStoreKit: b7563505440a68c9d9fa70bc43d8a97015519409

PODFILE CHECKSUM: 5d453a7bfd5ffc309f5e28841d3408e5be537bf3

COCOAPODS: 1.5.3
