// !$*UTF8*$!
{
	archiveVersion = 1;
	classes = {
	};
	objectVersion = 48;
	objects = {

/* Begin PBXBuildFile section */
		28788993A11B70793DD30336 /* Pods_Card_NoteUITests.framework in Frameworks */ = {isa = PBXBuildFile; fileRef = CBECEEB608B44188F61CFEE6 /* Pods_Card_NoteUITests.framework */; };
		47495A0D87442A8C39A95B6F /* Pods_Card_Note.framework in Frameworks */ = {isa = PBXBuildFile; fileRef = 7AC3FFE3C7B0DB43D6B8966D /* Pods_Card_Note.framework */; };
		9A01D07A216843450051D3F5 /* MindMapController.swift in Sources */ = {isa = PBXBuildFile; fileRef = 9A01D079216843450051D3F5 /* MindMapController.swift */; };
		9A4DAEE6214B7E790046403C /* ProgressBar.swift in Sources */ = {isa = PBXBuildFile; fileRef = 9A4DAEE5214B7E790046403C /* ProgressBar.swift */; };
		9A4DAEE8214F3C830046403C /* LoadingViewController.swift in Sources */ = {isa = PBXBuildFile; fileRef = 9A4DAEE7214F3C830046403C /* LoadingViewController.swift */; };
		9A7ABE9C216DB3DF00EC5115 /* ImageController.swift in Sources */ = {isa = PBXBuildFile; fileRef = 9A7ABE9B216DB3DF00EC5115 /* ImageController.swift */; };
		AF6650BF4C280AB47837768B /* Pods_Card_NoteTests.framework in Frameworks */ = {isa = PBXBuildFile; fileRef = DFCB930C37325DE33FEA805C /* Pods_Card_NoteTests.framework */; };
		B602B1542092041C00CD8A40 /* SharedCard.swift in Sources */ = {isa = PBXBuildFile; fileRef = B602B1532092041C00CD8A40 /* SharedCard.swift */; };
		B602B1562093232600CD8A40 /* VoiceCard.swift in Sources */ = {isa = PBXBuildFile; fileRef = B602B1552093232600CD8A40 /* VoiceCard.swift */; };
		B602B1582093244300CD8A40 /* RecordManager.swift in Sources */ = {isa = PBXBuildFile; fileRef = B602B1572093244300CD8A40 /* RecordManager.swift */; };
		B6054A2B2100F3D800E7CFF6 /* libSpeechRecognition.a in Frameworks */ = {isa = PBXBuildFile; fileRef = B6054A232100F3D800E7CFF6 /* libSpeechRecognition.a */; };
		B6054A2E2102168D00E7CFF6 /* UIMapPickerWithMapBox.swift in Sources */ = {isa = PBXBuildFile; fileRef = B6054A2D2102168D00E7CFF6 /* UIMapPickerWithMapBox.swift */; };
		B605E0F3208CA90000F2C260 /* CardParser.swift in Sources */ = {isa = PBXBuildFile; fileRef = B605E0F2208CA90000F2C260 /* CardParser.swift */; };
		B605E0FC208CAADE00F2C260 /* ExampleCard.swift in Sources */ = {isa = PBXBuildFile; fileRef = B605E0FB208CAADE00F2C260 /* ExampleCard.swift */; };
		B605E0FF208CAAFF00F2C260 /* MapCard.swift in Sources */ = {isa = PBXBuildFile; fileRef = B605E0FE208CAAFF00F2C260 /* MapCard.swift */; };
		B605E101208CAB0D00F2C260 /* TextCard.swift in Sources */ = {isa = PBXBuildFile; fileRef = B605E100208CAB0D00F2C260 /* TextCard.swift */; };
		B605E10A208CB22900F2C260 /* UIKit.framework in Frameworks */ = {isa = PBXBuildFile; fileRef = B605E109208CB22800F2C260 /* UIKit.framework */; };
		B605E10C208CB23000F2C260 /* Foundation.framework in Frameworks */ = {isa = PBXBuildFile; fileRef = B605E10B208CB23000F2C260 /* Foundation.framework */; };
		B605E10E208CB23A00F2C260 /* CoreGraphics.framework in Frameworks */ = {isa = PBXBuildFile; fileRef = B605E10D208CB23900F2C260 /* CoreGraphics.framework */; };
		B605E110208CB24300F2C260 /* QuartzCore.framework in Frameworks */ = {isa = PBXBuildFile; fileRef = B605E10F208CB24300F2C260 /* QuartzCore.framework */; };
		B605E112208CB24A00F2C260 /* CoreLocation.framework in Frameworks */ = {isa = PBXBuildFile; fileRef = B605E111208CB24900F2C260 /* CoreLocation.framework */; };
		B605E114208CB25300F2C260 /* CoreTelephony.framework in Frameworks */ = {isa = PBXBuildFile; fileRef = B605E113208CB25300F2C260 /* CoreTelephony.framework */; };
		B605E116208CB25A00F2C260 /* SystemConfiguration.framework in Frameworks */ = {isa = PBXBuildFile; fileRef = B605E115208CB25A00F2C260 /* SystemConfiguration.framework */; };
		B605E118208CB26300F2C260 /* Security.framework in Frameworks */ = {isa = PBXBuildFile; fileRef = B605E117208CB26300F2C260 /* Security.framework */; };
		B605E11A208CB26C00F2C260 /* AdSupport.framework in Frameworks */ = {isa = PBXBuildFile; fileRef = B605E119208CB26B00F2C260 /* AdSupport.framework */; };
		B605E11C208CB27200F2C260 /* JavaScriptCore.framework in Frameworks */ = {isa = PBXBuildFile; fileRef = B605E11B208CB27200F2C260 /* JavaScriptCore.framework */; };
		B605E11E208CB27C00F2C260 /* libz.tbd in Frameworks */ = {isa = PBXBuildFile; fileRef = B605E11D208CB27B00F2C260 /* libz.tbd */; };
		B60B995F209C8C23004BC2D4 /* StoreKit.framework in Frameworks */ = {isa = PBXBuildFile; fileRef = B60B995E209C8C23004BC2D4 /* StoreKit.framework */; };
		B60F40DA2074CFE700196DD5 /* CardView.swift in Sources */ = {isa = PBXBuildFile; fileRef = B60F40D92074CFE700196DD5 /* CardView.swift */; };
		B60F40DC2074D0AE00196DD5 /* Constant.swift in Sources */ = {isa = PBXBuildFile; fileRef = B60F40DB2074D0AE00196DD5 /* Constant.swift */; };
		B60F40E12074EB2900196DD5 /* CardEditor.swift in Sources */ = {isa = PBXBuildFile; fileRef = B60F40E02074EB2900196DD5 /* CardEditor.swift */; };
		B610298A20983D4C00DA91BB /* UIMapPIcker.swift in Sources */ = {isa = PBXBuildFile; fileRef = B610298920983D4C00DA91BB /* UIMapPIcker.swift */; };
		B610298C209840CE00DA91BB /* UIMapPickerDelegate.swift in Sources */ = {isa = PBXBuildFile; fileRef = B610298B209840CE00DA91BB /* UIMapPickerDelegate.swift */; };
		B610298E2098614C00DA91BB /* LocationListView.swift in Sources */ = {isa = PBXBuildFile; fileRef = B610298D2098614C00DA91BB /* LocationListView.swift */; };
		B6102990209891DA00DA91BB /* LocationListViewDelegate.swift in Sources */ = {isa = PBXBuildFile; fileRef = B610298F209891DA00DA91BB /* LocationListViewDelegate.swift */; };
		B612ABC721414D1B00EB5314 /* PlaceBase.swift in Sources */ = {isa = PBXBuildFile; fileRef = B612ABC621414D1B00EB5314 /* PlaceBase.swift */; };
		B612ABC921415DCB00EB5314 /* googleMapsSupportedLanguage.plist in Resources */ = {isa = PBXBuildFile; fileRef = B612ABC821415DCB00EB5314 /* googleMapsSupportedLanguage.plist */; };
		B6155EBD208AEE840031F262 /* SearchBar.swift in Sources */ = {isa = PBXBuildFile; fileRef = B6155EBC208AEE840031F262 /* SearchBar.swift */; };
		B61A7419213EC6200080DBF1 /* libstdc++.6.0.9.tbd in Frameworks */ = {isa = PBXBuildFile; fileRef = B61A7418213EC6200080DBF1 /* libstdc++.6.0.9.tbd */; };
		B61A741B213EC95B0080DBF1 /* libc++.tbd in Frameworks */ = {isa = PBXBuildFile; fileRef = B61A741A213EC95B0080DBF1 /* libc++.tbd */; };
		B61D68F920961BFB00B69009 /* libonline.a in Frameworks */ = {isa = PBXBuildFile; fileRef = B61D68F820961BFB00B69009 /* libonline.a */; };
		B61D68FB20961C0600B69009 /* libbase.a in Frameworks */ = {isa = PBXBuildFile; fileRef = B61D68FA20961C0600B69009 /* libbase.a */; };
		B61D690D2096217E00B69009 /* TranslationManager.swift in Sources */ = {isa = PBXBuildFile; fileRef = B61D690C2096217E00B69009 /* TranslationManager.swift */; };
		B61DAA1B2123D63E0004217B /* libocronline.a in Frameworks */ = {isa = PBXBuildFile; fileRef = B61DAA1A2123D63E0004217B /* libocronline.a */; };
		B61DAA1D2123D7520004217B /* OCRManager.swift in Sources */ = {isa = PBXBuildFile; fileRef = B61DAA1C2123D7520004217B /* OCRManager.swift */; };
		B61DAA232123FBF20004217B /* OCRController.swift in Sources */ = {isa = PBXBuildFile; fileRef = B61DAA222123FBF20004217B /* OCRController.swift */; };
		B61DAA2C21246C630004217B /* OCRResultController.swift in Sources */ = {isa = PBXBuildFile; fileRef = B61DAA2B21246C620004217B /* OCRResultController.swift */; };
		B62EC9872081D59E004EE3C0 /* UserView.swift in Sources */ = {isa = PBXBuildFile; fileRef = B62EC9862081D59E004EE3C0 /* UserView.swift */; };
		B62EC9892081FF1A004EE3C0 /* UserViewController.swift in Sources */ = {isa = PBXBuildFile; fileRef = B62EC9882081FF1A004EE3C0 /* UserViewController.swift */; };
		B62EC98B20820168004EE3C0 /* User.swift in Sources */ = {isa = PBXBuildFile; fileRef = B62EC98A20820168004EE3C0 /* User.swift */; };
		B631B14D20CA4CB00026534F /* UsController.swift in Sources */ = {isa = PBXBuildFile; fileRef = B631B14C20CA4CB00026534F /* UsController.swift */; };
		B6385A9620C65CDF00E022CB /* MovieCard.swift in Sources */ = {isa = PBXBuildFile; fileRef = B6385A9520C65CDF00E022CB /* MovieCard.swift */; };
		B6385AA720C65CF800E022CB /* ListCard.swift in Sources */ = {isa = PBXBuildFile; fileRef = B6385AA620C65CF800E022CB /* ListCard.swift */; };
		B64489D220A2FB0100ED3400 /* CardViewPanelDelegate.swift in Sources */ = {isa = PBXBuildFile; fileRef = B64489C220A2FB0100ED3400 /* CardViewPanelDelegate.swift */; };
		B64489D420A41FCC00ED3400 /* ShareView.swift in Sources */ = {isa = PBXBuildFile; fileRef = B64489D320A41FCC00ED3400 /* ShareView.swift */; };
		B64A18A620F4DDAD00833BE2 /* AccountPlanController.swift in Sources */ = {isa = PBXBuildFile; fileRef = B64A18A520F4DDAD00833BE2 /* AccountPlanController.swift */; };
		B64A18AF20F4FFF000833BE2 /* AccountPlanView.swift in Sources */ = {isa = PBXBuildFile; fileRef = B64A18AE20F4FFF000833BE2 /* AccountPlanView.swift */; };
		B64A18B220F5D77B00833BE2 /* PurchaseManager.swift in Sources */ = {isa = PBXBuildFile; fileRef = B64A18B120F5D77B00833BE2 /* PurchaseManager.swift */; };
		B64A18BB20F62B5000833BE2 /* PremiumController.swift in Sources */ = {isa = PBXBuildFile; fileRef = B64A18BA20F62B5000833BE2 /* PremiumController.swift */; };
		B64DD43121104C1600BB0B66 /* ClassController.swift in Sources */ = {isa = PBXBuildFile; fileRef = B64DD43021104C1600BB0B66 /* ClassController.swift */; };
		B64DD43B211183C200BB0B66 /* TagOptionView.swift in Sources */ = {isa = PBXBuildFile; fileRef = B64DD43A211183C200BB0B66 /* TagOptionView.swift */; };
		B64DD4442111A5F500BB0B66 /* TagInputView.swift in Sources */ = {isa = PBXBuildFile; fileRef = B64DD4432111A5F500BB0B66 /* TagInputView.swift */; };
		B6555E3021273B840042C9C3 /* VoiceRecognitionController.swift in Sources */ = {isa = PBXBuildFile; fileRef = B6555E2F21273B840042C9C3 /* VoiceRecognitionController.swift */; };
		B6555E39212961060042C9C3 /* LoadingView.swift in Sources */ = {isa = PBXBuildFile; fileRef = B6555E38212961050042C9C3 /* LoadingView.swift */; };
		B6555E3B212A8A8C0042C9C3 /* languageList.plist in Resources */ = {isa = PBXBuildFile; fileRef = B6555E3A212A8A8A0042C9C3 /* languageList.plist */; };
		B6555E3E212A97B30042C9C3 /* TranslationController.swift in Sources */ = {isa = PBXBuildFile; fileRef = B6555E3D212A97B30042C9C3 /* TranslationController.swift */; };
		B6555E47212AA0EA0042C9C3 /* OptionViewController.swift in Sources */ = {isa = PBXBuildFile; fileRef = B6555E46212AA0EA0042C9C3 /* OptionViewController.swift */; };
		B6613B09207B80A1001D117B /* Palette.swift in Sources */ = {isa = PBXBuildFile; fileRef = B6613B08207B80A1001D117B /* Palette.swift */; };
		B6613B0B207CD440001D117B /* CardEditorView.swift in Sources */ = {isa = PBXBuildFile; fileRef = B6613B0A207CD440001D117B /* CardEditorView.swift */; };
		B6613B0D20803A59001D117B /* Constraint.swift in Sources */ = {isa = PBXBuildFile; fileRef = B6613B0C20803A59001D117B /* Constraint.swift */; };
		B6613B0F2080404B001D117B /* SearchEngine.swift in Sources */ = {isa = PBXBuildFile; fileRef = B6613B0E2080404B001D117B /* SearchEngine.swift */; };
		B672D432211FE50200A51D9D /* AccountSettingController.swift in Sources */ = {isa = PBXBuildFile; fileRef = B672D431211FE50200A51D9D /* AccountSettingController.swift */; };
		B672D43B2120176600A51D9D /* Cloud.swift in Sources */ = {isa = PBXBuildFile; fileRef = B672D43A2120176600A51D9D /* Cloud.swift */; };
		B672D43D21202D3400A51D9D /* CloudKit.framework in Frameworks */ = {isa = PBXBuildFile; fileRef = B672D43C21202D3300A51D9D /* CloudKit.framework */; };
		B6791227208DFFF100A417FD /* PicCard.swift in Sources */ = {isa = PBXBuildFile; fileRef = B6791226208DFFF100A417FD /* PicCard.swift */; };
		B67FA6232075BDE900EFF7E9 /* AddNewItemController.swift in Sources */ = {isa = PBXBuildFile; fileRef = B67FA6222075BDE900EFF7E9 /* AddNewItemController.swift */; };
		B67FA6262075D1CB00EFF7E9 /* CardViewController.swift in Sources */ = {isa = PBXBuildFile; fileRef = B67FA6252075D1CB00EFF7E9 /* CardViewController.swift */; };
		B68ACBBF206BB1EF0085E5C5 /* Card.swift in Sources */ = {isa = PBXBuildFile; fileRef = B68ACBBE206BB1EF0085E5C5 /* Card.swift */; };
		B68CA33B2117620A00E9A4D3 /* TimeManager.swift in Sources */ = {isa = PBXBuildFile; fileRef = B68CA33A2117620A00E9A4D3 /* TimeManager.swift */; };
		B6948C30213936DE00C611CF /* MailController.swift in Sources */ = {isa = PBXBuildFile; fileRef = B6948C2F213936DE00C611CF /* MailController.swift */; };
		B696AF3F20AC38E1004C7E9E /* CardViewDelegate.swift in Sources */ = {isa = PBXBuildFile; fileRef = B696AF3E20AC38E1004C7E9E /* CardViewDelegate.swift */; };
		B6985A7D20BD55FB0014A89B /* AttributedTextView.swift in Sources */ = {isa = PBXBuildFile; fileRef = B6985A7C20BD55FB0014A89B /* AttributedTextView.swift */; };
		B6985A8E20BD7D460014A89B /* AttributedTextViewDelegate.swift in Sources */ = {isa = PBXBuildFile; fileRef = B6985A8D20BD7D460014A89B /* AttributedTextViewDelegate.swift */; };
		B6A68AB221076A09009EDA4B /* FloatButton.swift in Sources */ = {isa = PBXBuildFile; fileRef = B6A68AB121076A09009EDA4B /* FloatButton.swift */; };
		B6A86DE9208822DF00F2C6EC /* SignUpController.swift in Sources */ = {isa = PBXBuildFile; fileRef = B6A86DE8208822DF00F2C6EC /* SignUpController.swift */; };
		B6A86DF22088243200F2C6EC /* OrientationController.swift in Sources */ = {isa = PBXBuildFile; fileRef = B6A86DF12088243200F2C6EC /* OrientationController.swift */; };
		B6A86DF42088D6E200F2C6EC /* AdViewController.swift in Sources */ = {isa = PBXBuildFile; fileRef = B6A86DF32088D6E200F2C6EC /* AdViewController.swift */; };
		B6A86DF62088F4EF00F2C6EC /* AlertView.swift in Sources */ = {isa = PBXBuildFile; fileRef = B6A86DF52088F4EF00F2C6EC /* AlertView.swift */; };
		B6BA3AAA2064AE5300290BBB /* AppDelegate.swift in Sources */ = {isa = PBXBuildFile; fileRef = B6BA3AA92064AE5300290BBB /* AppDelegate.swift */; };
		B6BA3AAC2064AE5300290BBB /* ViewController.swift in Sources */ = {isa = PBXBuildFile; fileRef = B6BA3AAB2064AE5300290BBB /* ViewController.swift */; };
		B6BA3AAF2064AE5300290BBB /* Main.storyboard in Resources */ = {isa = PBXBuildFile; fileRef = B6BA3AAD2064AE5300290BBB /* Main.storyboard */; };
		B6BA3AB22064AE5300290BBB /* Card_Note.xcdatamodeld in Sources */ = {isa = PBXBuildFile; fileRef = B6BA3AB02064AE5300290BBB /* Card_Note.xcdatamodeld */; };
		B6BA3AB42064AE5300290BBB /* Assets.xcassets in Resources */ = {isa = PBXBuildFile; fileRef = B6BA3AB32064AE5300290BBB /* Assets.xcassets */; };
		B6BA3AB72064AE5300290BBB /* LaunchScreen.storyboard in Resources */ = {isa = PBXBuildFile; fileRef = B6BA3AB52064AE5300290BBB /* LaunchScreen.storyboard */; };
		B6BA3AC22064AE5400290BBB /* Card_NoteTests.swift in Sources */ = {isa = PBXBuildFile; fileRef = B6BA3AC12064AE5400290BBB /* Card_NoteTests.swift */; };
		B6BA3ACD2064AE5400290BBB /* Card_NoteUITests.swift in Sources */ = {isa = PBXBuildFile; fileRef = B6BA3ACC2064AE5400290BBB /* Card_NoteUITests.swift */; };
		B6BA3ADB2064AF4C00290BBB /* Card.xib in Resources */ = {isa = PBXBuildFile; fileRef = B6BA3ADA2064AF4C00290BBB /* Card.xib */; };
		B6BAADCB20A18317008B6761 /* TapBarController.swift in Sources */ = {isa = PBXBuildFile; fileRef = B6BAADCA20A18317008B6761 /* TapBarController.swift */; };
		B6BAADDD20A196F8008B6761 /* FilterView.swift in Sources */ = {isa = PBXBuildFile; fileRef = B6BAADDC20A196F8008B6761 /* FilterView.swift */; };
		B6CAA98E213E5045009CC4A4 /* UIMapPickerWithBaiduMap.swift in Sources */ = {isa = PBXBuildFile; fileRef = B6CAA98D213E5045009CC4A4 /* UIMapPickerWithBaiduMap.swift */; };
		B6E46AEC20DF9DC400263EFB /* SwitchSetting.swift in Sources */ = {isa = PBXBuildFile; fileRef = B6E46AEB20DF9DC400263EFB /* SwitchSetting.swift */; };
		B6E46AF520DFA71A00263EFB /* SettingController.swift in Sources */ = {isa = PBXBuildFile; fileRef = B6E46AF420DFA71A00263EFB /* SettingController.swift */; };
		B6E505072077D49F003504D8 /* Extension.swift in Sources */ = {isa = PBXBuildFile; fileRef = B6E505062077D49F003504D8 /* Extension.swift */; };
		B6E8FA30208F170B00A0B22B /* libsqlite3.0.tbd in Frameworks */ = {isa = PBXBuildFile; fileRef = B6E8FA2F208F170B00A0B22B /* libsqlite3.0.tbd */; };
		B6E8FA32208F171A00A0B22B /* WebKit.framework in Frameworks */ = {isa = PBXBuildFile; fileRef = B6E8FA31208F171A00A0B22B /* WebKit.framework */; };
		B6EC1F3E20D3AAFB00E04C4F /* CardEditorDelegate.swift in Sources */ = {isa = PBXBuildFile; fileRef = B6EC1F3D20D3AAFB00E04C4F /* CardEditorDelegate.swift */; };
		B6FB6C9721032E7400915B3B /* SpeechManager.swift in Sources */ = {isa = PBXBuildFile; fileRef = B6FB6C9621032E7400915B3B /* SpeechManager.swift */; };
		B6FDCEE620BAFD3400BEBD35 /* ImageManager.swift in Sources */ = {isa = PBXBuildFile; fileRef = B6FDCEE520BAFD3400BEBD35 /* ImageManager.swift */; };
		B6FF866420A1B9B8000D0B51 /* CardViewPanel.swift in Sources */ = {isa = PBXBuildFile; fileRef = B6FF866320A1B9B8000D0B51 /* CardViewPanel.swift */; };
/* End PBXBuildFile section */

/* Begin PBXContainerItemProxy section */
		B6BA3ABE2064AE5400290BBB /* PBXContainerItemProxy */ = {
			isa = PBXContainerItemProxy;
			containerPortal = B6BA3A9E2064AE5300290BBB /* Project object */;
			proxyType = 1;
			remoteGlobalIDString = B6BA3AA52064AE5300290BBB;
			remoteInfo = "Card Note";
		};
		B6BA3AC92064AE5400290BBB /* PBXContainerItemProxy */ = {
			isa = PBXContainerItemProxy;
			containerPortal = B6BA3A9E2064AE5300290BBB /* Project object */;
			proxyType = 1;
			remoteGlobalIDString = B6BA3AA52064AE5300290BBB;
			remoteInfo = "Card Note";
		};
/* End PBXContainerItemProxy section */

/* Begin PBXCopyFilesBuildPhase section */
		B62EC9AC208207D5004EE3C0 /* Embed Frameworks */ = {
			isa = PBXCopyFilesBuildPhase;
			buildActionMask = 2147483647;
			dstPath = "";
			dstSubfolderSpec = 10;
			files = (
			);
			name = "Embed Frameworks";
			runOnlyForDeploymentPostprocessing = 0;
		};
		B62EC9AD208207D5004EE3C0 /* Embed PlugIns */ = {
			isa = PBXCopyFilesBuildPhase;
			buildActionMask = 2147483647;
			dstPath = "";
			dstSubfolderSpec = 13;
			files = (
			);
			name = "Embed PlugIns";
			runOnlyForDeploymentPostprocessing = 0;
		};
/* End PBXCopyFilesBuildPhase section */

/* Begin PBXFileReference section */
		0987D770A305F949EBDD0434 /* Pods-Card NoteTests.release.xcconfig */ = {isa = PBXFileReference; includeInIndex = 1; lastKnownFileType = text.xcconfig; name = "Pods-Card NoteTests.release.xcconfig"; path = "Pods/Target Support Files/Pods-Card NoteTests/Pods-Card NoteTests.release.xcconfig"; sourceTree = "<group>"; };
		288E50F573462BC75BADF7ED /* Pods-Card Note.debug.xcconfig */ = {isa = PBXFileReference; includeInIndex = 1; lastKnownFileType = text.xcconfig; name = "Pods-Card Note.debug.xcconfig"; path = "Pods/Target Support Files/Pods-Card Note/Pods-Card Note.debug.xcconfig"; sourceTree = "<group>"; };
		5D5BD78FF6BFDEE29AF0C6C4 /* Pods-Card NoteUITests.release.xcconfig */ = {isa = PBXFileReference; includeInIndex = 1; lastKnownFileType = text.xcconfig; name = "Pods-Card NoteUITests.release.xcconfig"; path = "Pods/Target Support Files/Pods-Card NoteUITests/Pods-Card NoteUITests.release.xcconfig"; sourceTree = "<group>"; };
		6D367C44CB37801228D2000E /* Pods-Card Note.release.xcconfig */ = {isa = PBXFileReference; includeInIndex = 1; lastKnownFileType = text.xcconfig; name = "Pods-Card Note.release.xcconfig"; path = "Pods/Target Support Files/Pods-Card Note/Pods-Card Note.release.xcconfig"; sourceTree = "<group>"; };
		7AC3FFE3C7B0DB43D6B8966D /* Pods_Card_Note.framework */ = {isa = PBXFileReference; explicitFileType = wrapper.framework; includeInIndex = 0; path = Pods_Card_Note.framework; sourceTree = BUILT_PRODUCTS_DIR; };
		848138D52FA7C090148B80D7 /* Pods-Card NoteTests.debug.xcconfig */ = {isa = PBXFileReference; includeInIndex = 1; lastKnownFileType = text.xcconfig; name = "Pods-Card NoteTests.debug.xcconfig"; path = "Pods/Target Support Files/Pods-Card NoteTests/Pods-Card NoteTests.debug.xcconfig"; sourceTree = "<group>"; };
		9A01D079216843450051D3F5 /* MindMapController.swift */ = {isa = PBXFileReference; lastKnownFileType = sourcecode.swift; path = MindMapController.swift; sourceTree = "<group>"; };
		9A4DAEE5214B7E790046403C /* ProgressBar.swift */ = {isa = PBXFileReference; lastKnownFileType = sourcecode.swift; path = ProgressBar.swift; sourceTree = "<group>"; };
		9A4DAEE7214F3C830046403C /* LoadingViewController.swift */ = {isa = PBXFileReference; lastKnownFileType = sourcecode.swift; path = LoadingViewController.swift; sourceTree = "<group>"; };
		9A7ABE9B216DB3DF00EC5115 /* ImageController.swift */ = {isa = PBXFileReference; lastKnownFileType = sourcecode.swift; path = ImageController.swift; sourceTree = "<group>"; };
		AF6D09AFA1C8271D5CA99BB1 /* Pods-Card NoteUITests.debug.xcconfig */ = {isa = PBXFileReference; includeInIndex = 1; lastKnownFileType = text.xcconfig; name = "Pods-Card NoteUITests.debug.xcconfig"; path = "Pods/Target Support Files/Pods-Card NoteUITests/Pods-Card NoteUITests.debug.xcconfig"; sourceTree = "<group>"; };
		B602B1532092041C00CD8A40 /* SharedCard.swift */ = {isa = PBXFileReference; lastKnownFileType = sourcecode.swift; path = SharedCard.swift; sourceTree = "<group>"; };
		B602B1552093232600CD8A40 /* VoiceCard.swift */ = {isa = PBXFileReference; lastKnownFileType = sourcecode.swift; path = VoiceCard.swift; sourceTree = "<group>"; };
		B602B1572093244300CD8A40 /* RecordManager.swift */ = {isa = PBXFileReference; lastKnownFileType = sourcecode.swift; path = RecordManager.swift; sourceTree = "<group>"; };
		B6054A232100F3D800E7CFF6 /* libSpeechRecognition.a */ = {isa = PBXFileReference; lastKnownFileType = archive.ar; path = libSpeechRecognition.a; sourceTree = "<group>"; };
		B6054A2D2102168D00E7CFF6 /* UIMapPickerWithMapBox.swift */ = {isa = PBXFileReference; lastKnownFileType = sourcecode.swift; path = UIMapPickerWithMapBox.swift; sourceTree = "<group>"; };
		B605E0F2208CA90000F2C260 /* CardParser.swift */ = {isa = PBXFileReference; lastKnownFileType = sourcecode.swift; path = CardParser.swift; sourceTree = "<group>"; };
		B605E0FB208CAADE00F2C260 /* ExampleCard.swift */ = {isa = PBXFileReference; lastKnownFileType = sourcecode.swift; path = ExampleCard.swift; sourceTree = "<group>"; };
		B605E0FE208CAAFF00F2C260 /* MapCard.swift */ = {isa = PBXFileReference; lastKnownFileType = sourcecode.swift; path = MapCard.swift; sourceTree = "<group>"; };
		B605E100208CAB0D00F2C260 /* TextCard.swift */ = {isa = PBXFileReference; lastKnownFileType = sourcecode.swift; path = TextCard.swift; sourceTree = "<group>"; };
		B605E109208CB22800F2C260 /* UIKit.framework */ = {isa = PBXFileReference; lastKnownFileType = wrapper.framework; name = UIKit.framework; path = System/Library/Frameworks/UIKit.framework; sourceTree = SDKROOT; };
		B605E10B208CB23000F2C260 /* Foundation.framework */ = {isa = PBXFileReference; lastKnownFileType = wrapper.framework; name = Foundation.framework; path = System/Library/Frameworks/Foundation.framework; sourceTree = SDKROOT; };
		B605E10D208CB23900F2C260 /* CoreGraphics.framework */ = {isa = PBXFileReference; lastKnownFileType = wrapper.framework; name = CoreGraphics.framework; path = System/Library/Frameworks/CoreGraphics.framework; sourceTree = SDKROOT; };
		B605E10F208CB24300F2C260 /* QuartzCore.framework */ = {isa = PBXFileReference; lastKnownFileType = wrapper.framework; name = QuartzCore.framework; path = System/Library/Frameworks/QuartzCore.framework; sourceTree = SDKROOT; };
		B605E111208CB24900F2C260 /* CoreLocation.framework */ = {isa = PBXFileReference; lastKnownFileType = wrapper.framework; name = CoreLocation.framework; path = System/Library/Frameworks/CoreLocation.framework; sourceTree = SDKROOT; };
		B605E113208CB25300F2C260 /* CoreTelephony.framework */ = {isa = PBXFileReference; lastKnownFileType = wrapper.framework; name = CoreTelephony.framework; path = System/Library/Frameworks/CoreTelephony.framework; sourceTree = SDKROOT; };
		B605E115208CB25A00F2C260 /* SystemConfiguration.framework */ = {isa = PBXFileReference; lastKnownFileType = wrapper.framework; name = SystemConfiguration.framework; path = System/Library/Frameworks/SystemConfiguration.framework; sourceTree = SDKROOT; };
		B605E117208CB26300F2C260 /* Security.framework */ = {isa = PBXFileReference; lastKnownFileType = wrapper.framework; name = Security.framework; path = System/Library/Frameworks/Security.framework; sourceTree = SDKROOT; };
		B605E119208CB26B00F2C260 /* AdSupport.framework */ = {isa = PBXFileReference; lastKnownFileType = wrapper.framework; name = AdSupport.framework; path = System/Library/Frameworks/AdSupport.framework; sourceTree = SDKROOT; };
		B605E11B208CB27200F2C260 /* JavaScriptCore.framework */ = {isa = PBXFileReference; lastKnownFileType = wrapper.framework; name = JavaScriptCore.framework; path = System/Library/Frameworks/JavaScriptCore.framework; sourceTree = SDKROOT; };
		B605E11D208CB27B00F2C260 /* libz.tbd */ = {isa = PBXFileReference; lastKnownFileType = "sourcecode.text-based-dylib-definition"; name = libz.tbd; path = usr/lib/libz.tbd; sourceTree = SDKROOT; };
		B60B995E209C8C23004BC2D4 /* StoreKit.framework */ = {isa = PBXFileReference; lastKnownFileType = wrapper.framework; name = StoreKit.framework; path = System/Library/Frameworks/StoreKit.framework; sourceTree = SDKROOT; };
		B60F40D92074CFE700196DD5 /* CardView.swift */ = {isa = PBXFileReference; lastKnownFileType = sourcecode.swift; path = CardView.swift; sourceTree = "<group>"; };
		B60F40DB2074D0AE00196DD5 /* Constant.swift */ = {isa = PBXFileReference; lastKnownFileType = sourcecode.swift; path = Constant.swift; sourceTree = "<group>"; };
		B60F40E02074EB2900196DD5 /* CardEditor.swift */ = {isa = PBXFileReference; lastKnownFileType = sourcecode.swift; path = CardEditor.swift; sourceTree = "<group>"; };
		B610298920983D4C00DA91BB /* UIMapPIcker.swift */ = {isa = PBXFileReference; lastKnownFileType = sourcecode.swift; name = UIMapPIcker.swift; path = "Card Note/ViewController/Map/UIMapPIcker.swift"; sourceTree = SOURCE_ROOT; };
		B610298B209840CE00DA91BB /* UIMapPickerDelegate.swift */ = {isa = PBXFileReference; lastKnownFileType = sourcecode.swift; path = UIMapPickerDelegate.swift; sourceTree = "<group>"; };
		B610298D2098614C00DA91BB /* LocationListView.swift */ = {isa = PBXFileReference; lastKnownFileType = sourcecode.swift; path = LocationListView.swift; sourceTree = "<group>"; };
		B610298F209891DA00DA91BB /* LocationListViewDelegate.swift */ = {isa = PBXFileReference; lastKnownFileType = sourcecode.swift; path = LocationListViewDelegate.swift; sourceTree = "<group>"; };
		B612ABC621414D1B00EB5314 /* PlaceBase.swift */ = {isa = PBXFileReference; lastKnownFileType = sourcecode.swift; path = PlaceBase.swift; sourceTree = "<group>"; };
		B612ABC821415DCB00EB5314 /* googleMapsSupportedLanguage.plist */ = {isa = PBXFileReference; lastKnownFileType = text.plist.xml; path = googleMapsSupportedLanguage.plist; sourceTree = "<group>"; };
		B612ABCA214178E800EB5314 /* MyPlayground.playground */ = {isa = PBXFileReference; lastKnownFileType = file.playground; path = MyPlayground.playground; sourceTree = "<group>"; xcLanguageSpecificationIdentifier = xcode.lang.swift; };
		B6155EBC208AEE840031F262 /* SearchBar.swift */ = {isa = PBXFileReference; lastKnownFileType = sourcecode.swift; path = SearchBar.swift; sourceTree = "<group>"; };
		B61A7418213EC6200080DBF1 /* libstdc++.6.0.9.tbd */ = {isa = PBXFileReference; lastKnownFileType = "sourcecode.text-based-dylib-definition"; path = "libstdc++.6.0.9.tbd"; sourceTree = "<group>"; };
		B61A741A213EC95B0080DBF1 /* libc++.tbd */ = {isa = PBXFileReference; lastKnownFileType = "sourcecode.text-based-dylib-definition"; name = "libc++.tbd"; path = "usr/lib/libc++.tbd"; sourceTree = SDKROOT; };
		B61D68F32096149900B69009 /* bridge.h */ = {isa = PBXFileReference; lastKnownFileType = sourcecode.c.h; path = bridge.h; sourceTree = "<group>"; };
		B61D68F720961BF200B69009 /* FanYiSDK.h */ = {isa = PBXFileReference; lastKnownFileType = sourcecode.c.h; path = FanYiSDK.h; sourceTree = "<group>"; };
		B61D68F820961BFB00B69009 /* libonline.a */ = {isa = PBXFileReference; lastKnownFileType = archive.ar; path = libonline.a; sourceTree = "<group>"; };
		B61D68FA20961C0600B69009 /* libbase.a */ = {isa = PBXFileReference; lastKnownFileType = archive.ar; path = libbase.a; sourceTree = "<group>"; };
		B61D690C2096217E00B69009 /* TranslationManager.swift */ = {isa = PBXFileReference; lastKnownFileType = sourcecode.swift; path = TranslationManager.swift; sourceTree = "<group>"; };
		B61DAA192123D6350004217B /* OCRSDK.h */ = {isa = PBXFileReference; lastKnownFileType = sourcecode.c.h; path = OCRSDK.h; sourceTree = "<group>"; };
		B61DAA1A2123D63E0004217B /* libocronline.a */ = {isa = PBXFileReference; lastKnownFileType = archive.ar; path = libocronline.a; sourceTree = "<group>"; };
		B61DAA1C2123D7520004217B /* OCRManager.swift */ = {isa = PBXFileReference; lastKnownFileType = sourcecode.swift; path = OCRManager.swift; sourceTree = "<group>"; };
		B61DAA222123FBF20004217B /* OCRController.swift */ = {isa = PBXFileReference; lastKnownFileType = sourcecode.swift; path = OCRController.swift; sourceTree = "<group>"; };
		B61DAA2B21246C620004217B /* OCRResultController.swift */ = {isa = PBXFileReference; lastKnownFileType = sourcecode.swift; path = OCRResultController.swift; sourceTree = "<group>"; };
		B61F2E0820FC775B00A6CD22 /* en */ = {isa = PBXFileReference; lastKnownFileType = text.plist.strings; name = en; path = en.lproj/Main.strings; sourceTree = "<group>"; };
		B61F2E0920FCF1CC00A6CD22 /* libstdc++.6.0.9.tbd */ = {isa = PBXFileReference; lastKnownFileType = "sourcecode.text-based-dylib-definition"; name = "libstdc++.6.0.9.tbd"; path = "Card Note/libstdc++.6.0.9.tbd"; sourceTree = "<group>"; };
		B62EC9862081D59E004EE3C0 /* UserView.swift */ = {isa = PBXFileReference; lastKnownFileType = sourcecode.swift; path = UserView.swift; sourceTree = "<group>"; };
		B62EC9882081FF1A004EE3C0 /* UserViewController.swift */ = {isa = PBXFileReference; lastKnownFileType = sourcecode.swift; path = UserViewController.swift; sourceTree = "<group>"; };
		B62EC98A20820168004EE3C0 /* User.swift */ = {isa = PBXFileReference; lastKnownFileType = sourcecode.swift; path = User.swift; sourceTree = "<group>"; };
		B631B14C20CA4CB00026534F /* UsController.swift */ = {isa = PBXFileReference; lastKnownFileType = sourcecode.swift; path = UsController.swift; sourceTree = "<group>"; };
		B6385A9520C65CDF00E022CB /* MovieCard.swift */ = {isa = PBXFileReference; lastKnownFileType = sourcecode.swift; path = MovieCard.swift; sourceTree = "<group>"; };
		B6385AA620C65CF800E022CB /* ListCard.swift */ = {isa = PBXFileReference; lastKnownFileType = sourcecode.swift; path = ListCard.swift; sourceTree = "<group>"; };
		B64489C220A2FB0100ED3400 /* CardViewPanelDelegate.swift */ = {isa = PBXFileReference; fileEncoding = 4; lastKnownFileType = sourcecode.swift; path = CardViewPanelDelegate.swift; sourceTree = "<group>"; };
		B64489D320A41FCC00ED3400 /* ShareView.swift */ = {isa = PBXFileReference; lastKnownFileType = sourcecode.swift; path = ShareView.swift; sourceTree = "<group>"; };
		B64A18A520F4DDAD00833BE2 /* AccountPlanController.swift */ = {isa = PBXFileReference; lastKnownFileType = sourcecode.swift; path = AccountPlanController.swift; sourceTree = "<group>"; };
		B64A18AE20F4FFF000833BE2 /* AccountPlanView.swift */ = {isa = PBXFileReference; lastKnownFileType = sourcecode.swift; path = AccountPlanView.swift; sourceTree = "<group>"; };
		B64A18B120F5D77B00833BE2 /* PurchaseManager.swift */ = {isa = PBXFileReference; lastKnownFileType = sourcecode.swift; path = PurchaseManager.swift; sourceTree = "<group>"; };
		B64A18BA20F62B5000833BE2 /* PremiumController.swift */ = {isa = PBXFileReference; lastKnownFileType = sourcecode.swift; path = PremiumController.swift; sourceTree = "<group>"; };
		B64BAD8B209C3FE200B9ED73 /* Card Note.entitlements */ = {isa = PBXFileReference; lastKnownFileType = text.plist.entitlements; path = "Card Note.entitlements"; sourceTree = "<group>"; };
		B64DD43021104C1600BB0B66 /* ClassController.swift */ = {isa = PBXFileReference; lastKnownFileType = sourcecode.swift; path = ClassController.swift; sourceTree = "<group>"; };
		B64DD43A211183C200BB0B66 /* TagOptionView.swift */ = {isa = PBXFileReference; lastKnownFileType = sourcecode.swift; path = TagOptionView.swift; sourceTree = "<group>"; };
		B64DD4432111A5F500BB0B66 /* TagInputView.swift */ = {isa = PBXFileReference; lastKnownFileType = sourcecode.swift; path = TagInputView.swift; sourceTree = "<group>"; };
		B6555E2F21273B840042C9C3 /* VoiceRecognitionController.swift */ = {isa = PBXFileReference; lastKnownFileType = sourcecode.swift; path = VoiceRecognitionController.swift; sourceTree = "<group>"; };
		B6555E38212961050042C9C3 /* LoadingView.swift */ = {isa = PBXFileReference; lastKnownFileType = sourcecode.swift; path = LoadingView.swift; sourceTree = "<group>"; };
		B6555E3A212A8A8A0042C9C3 /* languageList.plist */ = {isa = PBXFileReference; lastKnownFileType = text.plist.xml; path = languageList.plist; sourceTree = "<group>"; };
		B6555E3D212A97B30042C9C3 /* TranslationController.swift */ = {isa = PBXFileReference; lastKnownFileType = sourcecode.swift; path = TranslationController.swift; sourceTree = "<group>"; };
		B6555E46212AA0EA0042C9C3 /* OptionViewController.swift */ = {isa = PBXFileReference; lastKnownFileType = sourcecode.swift; path = OptionViewController.swift; sourceTree = "<group>"; };
		B6613B08207B80A1001D117B /* Palette.swift */ = {isa = PBXFileReference; lastKnownFileType = sourcecode.swift; path = Palette.swift; sourceTree = "<group>"; };
		B6613B0A207CD440001D117B /* CardEditorView.swift */ = {isa = PBXFileReference; lastKnownFileType = sourcecode.swift; path = CardEditorView.swift; sourceTree = "<group>"; };
		B6613B0C20803A59001D117B /* Constraint.swift */ = {isa = PBXFileReference; lastKnownFileType = sourcecode.swift; path = Constraint.swift; sourceTree = "<group>"; };
		B6613B0E2080404B001D117B /* SearchEngine.swift */ = {isa = PBXFileReference; lastKnownFileType = sourcecode.swift; path = SearchEngine.swift; sourceTree = "<group>"; };
		B672D431211FE50200A51D9D /* AccountSettingController.swift */ = {isa = PBXFileReference; lastKnownFileType = sourcecode.swift; path = AccountSettingController.swift; sourceTree = "<group>"; };
		B672D43A2120176600A51D9D /* Cloud.swift */ = {isa = PBXFileReference; lastKnownFileType = sourcecode.swift; path = Cloud.swift; sourceTree = "<group>"; };
		B672D43C21202D3300A51D9D /* CloudKit.framework */ = {isa = PBXFileReference; lastKnownFileType = wrapper.framework; name = CloudKit.framework; path = System/Library/Frameworks/CloudKit.framework; sourceTree = SDKROOT; };
		B6791226208DFFF100A417FD /* PicCard.swift */ = {isa = PBXFileReference; lastKnownFileType = sourcecode.swift; path = PicCard.swift; sourceTree = "<group>"; };
		B67FA6222075BDE900EFF7E9 /* AddNewItemController.swift */ = {isa = PBXFileReference; lastKnownFileType = sourcecode.swift; path = AddNewItemController.swift; sourceTree = "<group>"; };
		B67FA6252075D1CB00EFF7E9 /* CardViewController.swift */ = {isa = PBXFileReference; lastKnownFileType = sourcecode.swift; path = CardViewController.swift; sourceTree = "<group>"; };
		B68ACBBE206BB1EF0085E5C5 /* Card.swift */ = {isa = PBXFileReference; lastKnownFileType = sourcecode.swift; path = Card.swift; sourceTree = "<group>"; };
		B68CA33A2117620A00E9A4D3 /* TimeManager.swift */ = {isa = PBXFileReference; lastKnownFileType = sourcecode.swift; path = TimeManager.swift; sourceTree = "<group>"; };
		B6948C2F213936DE00C611CF /* MailController.swift */ = {isa = PBXFileReference; lastKnownFileType = sourcecode.swift; path = MailController.swift; sourceTree = "<group>"; };
		B696AF3E20AC38E1004C7E9E /* CardViewDelegate.swift */ = {isa = PBXFileReference; lastKnownFileType = sourcecode.swift; path = CardViewDelegate.swift; sourceTree = "<group>"; };
		B6985A7C20BD55FB0014A89B /* AttributedTextView.swift */ = {isa = PBXFileReference; lastKnownFileType = sourcecode.swift; path = AttributedTextView.swift; sourceTree = "<group>"; };
		B6985A8D20BD7D460014A89B /* AttributedTextViewDelegate.swift */ = {isa = PBXFileReference; lastKnownFileType = sourcecode.swift; path = AttributedTextViewDelegate.swift; sourceTree = "<group>"; };
		B6A68AB121076A09009EDA4B /* FloatButton.swift */ = {isa = PBXFileReference; lastKnownFileType = sourcecode.swift; path = FloatButton.swift; sourceTree = "<group>"; };
		B6A86DE8208822DF00F2C6EC /* SignUpController.swift */ = {isa = PBXFileReference; lastKnownFileType = sourcecode.swift; path = SignUpController.swift; sourceTree = "<group>"; };
		B6A86DF12088243200F2C6EC /* OrientationController.swift */ = {isa = PBXFileReference; lastKnownFileType = sourcecode.swift; path = OrientationController.swift; sourceTree = "<group>"; };
		B6A86DF32088D6E200F2C6EC /* AdViewController.swift */ = {isa = PBXFileReference; lastKnownFileType = sourcecode.swift; path = AdViewController.swift; sourceTree = "<group>"; };
		B6A86DF52088F4EF00F2C6EC /* AlertView.swift */ = {isa = PBXFileReference; lastKnownFileType = sourcecode.swift; path = AlertView.swift; sourceTree = "<group>"; };
		B6BA3AA62064AE5300290BBB /* Card Note.app */ = {isa = PBXFileReference; explicitFileType = wrapper.application; includeInIndex = 0; path = "Card Note.app"; sourceTree = BUILT_PRODUCTS_DIR; };
		B6BA3AA92064AE5300290BBB /* AppDelegate.swift */ = {isa = PBXFileReference; lastKnownFileType = sourcecode.swift; path = AppDelegate.swift; sourceTree = "<group>"; };
		B6BA3AAB2064AE5300290BBB /* ViewController.swift */ = {isa = PBXFileReference; lastKnownFileType = sourcecode.swift; path = ViewController.swift; sourceTree = "<group>"; };
		B6BA3AAE2064AE5300290BBB /* Base */ = {isa = PBXFileReference; lastKnownFileType = file.storyboard; name = Base; path = Base.lproj/Main.storyboard; sourceTree = "<group>"; };
		B6BA3AB12064AE5300290BBB /* Card_Note.xcdatamodel */ = {isa = PBXFileReference; lastKnownFileType = wrapper.xcdatamodel; path = Card_Note.xcdatamodel; sourceTree = "<group>"; };
		B6BA3AB32064AE5300290BBB /* Assets.xcassets */ = {isa = PBXFileReference; lastKnownFileType = folder.assetcatalog; path = Assets.xcassets; sourceTree = "<group>"; };
		B6BA3AB62064AE5300290BBB /* Base */ = {isa = PBXFileReference; lastKnownFileType = file.storyboard; name = Base; path = Base.lproj/LaunchScreen.storyboard; sourceTree = "<group>"; };
		B6BA3AB82064AE5300290BBB /* Info.plist */ = {isa = PBXFileReference; lastKnownFileType = text.plist.xml; path = Info.plist; sourceTree = "<group>"; };
		B6BA3ABD2064AE5400290BBB /* Card NoteTests.xctest */ = {isa = PBXFileReference; explicitFileType = wrapper.cfbundle; includeInIndex = 0; path = "Card NoteTests.xctest"; sourceTree = BUILT_PRODUCTS_DIR; };
		B6BA3AC12064AE5400290BBB /* Card_NoteTests.swift */ = {isa = PBXFileReference; lastKnownFileType = sourcecode.swift; path = Card_NoteTests.swift; sourceTree = "<group>"; };
		B6BA3AC32064AE5400290BBB /* Info.plist */ = {isa = PBXFileReference; lastKnownFileType = text.plist.xml; path = Info.plist; sourceTree = "<group>"; };
		B6BA3AC82064AE5400290BBB /* Card NoteUITests.xctest */ = {isa = PBXFileReference; explicitFileType = wrapper.cfbundle; includeInIndex = 0; path = "Card NoteUITests.xctest"; sourceTree = BUILT_PRODUCTS_DIR; };
		B6BA3ACC2064AE5400290BBB /* Card_NoteUITests.swift */ = {isa = PBXFileReference; lastKnownFileType = sourcecode.swift; path = Card_NoteUITests.swift; sourceTree = "<group>"; };
		B6BA3ACE2064AE5400290BBB /* Info.plist */ = {isa = PBXFileReference; lastKnownFileType = text.plist.xml; path = Info.plist; sourceTree = "<group>"; };
		B6BA3ADA2064AF4C00290BBB /* Card.xib */ = {isa = PBXFileReference; lastKnownFileType = file.xib; path = Card.xib; sourceTree = "<group>"; };
		B6BAADCA20A18317008B6761 /* TapBarController.swift */ = {isa = PBXFileReference; lastKnownFileType = sourcecode.swift; path = TapBarController.swift; sourceTree = "<group>"; };
		B6BAADDC20A196F8008B6761 /* FilterView.swift */ = {isa = PBXFileReference; lastKnownFileType = sourcecode.swift; path = FilterView.swift; sourceTree = "<group>"; };
		B6CAA98D213E5045009CC4A4 /* UIMapPickerWithBaiduMap.swift */ = {isa = PBXFileReference; lastKnownFileType = sourcecode.swift; path = UIMapPickerWithBaiduMap.swift; sourceTree = "<group>"; };
		B6E46AEB20DF9DC400263EFB /* SwitchSetting.swift */ = {isa = PBXFileReference; lastKnownFileType = sourcecode.swift; path = SwitchSetting.swift; sourceTree = "<group>"; };
		B6E46AF420DFA71A00263EFB /* SettingController.swift */ = {isa = PBXFileReference; lastKnownFileType = sourcecode.swift; path = SettingController.swift; sourceTree = "<group>"; };
		B6E505062077D49F003504D8 /* Extension.swift */ = {isa = PBXFileReference; lastKnownFileType = sourcecode.swift; path = Extension.swift; sourceTree = "<group>"; };
		B6E8FA2F208F170B00A0B22B /* libsqlite3.0.tbd */ = {isa = PBXFileReference; lastKnownFileType = "sourcecode.text-based-dylib-definition"; name = libsqlite3.0.tbd; path = usr/lib/libsqlite3.0.tbd; sourceTree = SDKROOT; };
		B6E8FA31208F171A00A0B22B /* WebKit.framework */ = {isa = PBXFileReference; lastKnownFileType = wrapper.framework; name = WebKit.framework; path = System/Library/Frameworks/WebKit.framework; sourceTree = SDKROOT; };
		B6EC1F3D20D3AAFB00E04C4F /* CardEditorDelegate.swift */ = {isa = PBXFileReference; lastKnownFileType = sourcecode.swift; path = CardEditorDelegate.swift; sourceTree = "<group>"; };
		B6FB6C9621032E7400915B3B /* SpeechManager.swift */ = {isa = PBXFileReference; lastKnownFileType = sourcecode.swift; path = SpeechManager.swift; sourceTree = "<group>"; };
		B6FDCEE520BAFD3400BEBD35 /* ImageManager.swift */ = {isa = PBXFileReference; lastKnownFileType = sourcecode.swift; path = ImageManager.swift; sourceTree = "<group>"; };
		B6FF866320A1B9B8000D0B51 /* CardViewPanel.swift */ = {isa = PBXFileReference; lastKnownFileType = sourcecode.swift; path = CardViewPanel.swift; sourceTree = "<group>"; };
		CBECEEB608B44188F61CFEE6 /* Pods_Card_NoteUITests.framework */ = {isa = PBXFileReference; explicitFileType = wrapper.framework; includeInIndex = 0; path = Pods_Card_NoteUITests.framework; sourceTree = BUILT_PRODUCTS_DIR; };
		DFCB930C37325DE33FEA805C /* Pods_Card_NoteTests.framework */ = {isa = PBXFileReference; explicitFileType = wrapper.framework; includeInIndex = 0; path = Pods_Card_NoteTests.framework; sourceTree = BUILT_PRODUCTS_DIR; };
/* End PBXFileReference section */

/* Begin PBXFrameworksBuildPhase section */
		B6BA3AA32064AE5300290BBB /* Frameworks */ = {
			isa = PBXFrameworksBuildPhase;
			buildActionMask = 2147483647;
			files = (
				B61A741B213EC95B0080DBF1 /* libc++.tbd in Frameworks */,
				B61A7419213EC6200080DBF1 /* libstdc++.6.0.9.tbd in Frameworks */,
				B672D43D21202D3400A51D9D /* CloudKit.framework in Frameworks */,
				B6E8FA32208F171A00A0B22B /* WebKit.framework in Frameworks */,
				B6E8FA30208F170B00A0B22B /* libsqlite3.0.tbd in Frameworks */,
				B605E11E208CB27C00F2C260 /* libz.tbd in Frameworks */,
				B605E11C208CB27200F2C260 /* JavaScriptCore.framework in Frameworks */,
				B60B995F209C8C23004BC2D4 /* StoreKit.framework in Frameworks */,
				B61D68FB20961C0600B69009 /* libbase.a in Frameworks */,
				B605E11A208CB26C00F2C260 /* AdSupport.framework in Frameworks */,
				B605E118208CB26300F2C260 /* Security.framework in Frameworks */,
				B605E116208CB25A00F2C260 /* SystemConfiguration.framework in Frameworks */,
				B605E114208CB25300F2C260 /* CoreTelephony.framework in Frameworks */,
				B605E112208CB24A00F2C260 /* CoreLocation.framework in Frameworks */,
				B605E110208CB24300F2C260 /* QuartzCore.framework in Frameworks */,
				B6054A2B2100F3D800E7CFF6 /* libSpeechRecognition.a in Frameworks */,
				B61DAA1B2123D63E0004217B /* libocronline.a in Frameworks */,
				B605E10E208CB23A00F2C260 /* CoreGraphics.framework in Frameworks */,
				B605E10C208CB23000F2C260 /* Foundation.framework in Frameworks */,
				B605E10A208CB22900F2C260 /* UIKit.framework in Frameworks */,
				B61D68F920961BFB00B69009 /* libonline.a in Frameworks */,
				47495A0D87442A8C39A95B6F /* Pods_Card_Note.framework in Frameworks */,
			);
			runOnlyForDeploymentPostprocessing = 0;
		};
		B6BA3ABA2064AE5400290BBB /* Frameworks */ = {
			isa = PBXFrameworksBuildPhase;
			buildActionMask = 2147483647;
			files = (
				AF6650BF4C280AB47837768B /* Pods_Card_NoteTests.framework in Frameworks */,
			);
			runOnlyForDeploymentPostprocessing = 0;
		};
		B6BA3AC52064AE5400290BBB /* Frameworks */ = {
			isa = PBXFrameworksBuildPhase;
			buildActionMask = 2147483647;
			files = (
				28788993A11B70793DD30336 /* Pods_Card_NoteUITests.framework in Frameworks */,
			);
			runOnlyForDeploymentPostprocessing = 0;
		};
/* End PBXFrameworksBuildPhase section */

/* Begin PBXGroup section */
		B6054A362102169A00E7CFF6 /* Map */ = {
			isa = PBXGroup;
			children = (
				B610298920983D4C00DA91BB /* UIMapPIcker.swift */,
				B6054A2D2102168D00E7CFF6 /* UIMapPickerWithMapBox.swift */,
				B610298B209840CE00DA91BB /* UIMapPickerDelegate.swift */,
				B6CAA98D213E5045009CC4A4 /* UIMapPickerWithBaiduMap.swift */,
			);
			path = Map;
			sourceTree = "<group>";
		};
		B605E0FD208CAAE600F2C260 /* Card */ = {
			isa = PBXGroup;
			children = (
				B68ACBBE206BB1EF0085E5C5 /* Card.swift */,
				B605E0FB208CAADE00F2C260 /* ExampleCard.swift */,
				B605E0FE208CAAFF00F2C260 /* MapCard.swift */,
				B605E100208CAB0D00F2C260 /* TextCard.swift */,
				B6791226208DFFF100A417FD /* PicCard.swift */,
				B602B1532092041C00CD8A40 /* SharedCard.swift */,
				B602B1552093232600CD8A40 /* VoiceCard.swift */,
				B6385AA620C65CF800E022CB /* ListCard.swift */,
				B6385A9520C65CDF00E022CB /* MovieCard.swift */,
			);
			path = Card;
			sourceTree = "<group>";
		};
		B605E108208CB22700F2C260 /* Frameworks */ = {
			isa = PBXGroup;
			children = (
				B61A741A213EC95B0080DBF1 /* libc++.tbd */,
				B61A7418213EC6200080DBF1 /* libstdc++.6.0.9.tbd */,
				B672D43C21202D3300A51D9D /* CloudKit.framework */,
				B61F2E0920FCF1CC00A6CD22 /* libstdc++.6.0.9.tbd */,
				B60B995E209C8C23004BC2D4 /* StoreKit.framework */,
				B6E8FA31208F171A00A0B22B /* WebKit.framework */,
				B6E8FA2F208F170B00A0B22B /* libsqlite3.0.tbd */,
				B605E11D208CB27B00F2C260 /* libz.tbd */,
				B605E11B208CB27200F2C260 /* JavaScriptCore.framework */,
				B605E119208CB26B00F2C260 /* AdSupport.framework */,
				B605E117208CB26300F2C260 /* Security.framework */,
				B605E115208CB25A00F2C260 /* SystemConfiguration.framework */,
				B605E113208CB25300F2C260 /* CoreTelephony.framework */,
				B605E111208CB24900F2C260 /* CoreLocation.framework */,
				B605E10F208CB24300F2C260 /* QuartzCore.framework */,
				B605E10D208CB23900F2C260 /* CoreGraphics.framework */,
				B605E10B208CB23000F2C260 /* Foundation.framework */,
				B605E109208CB22800F2C260 /* UIKit.framework */,
				7AC3FFE3C7B0DB43D6B8966D /* Pods_Card_Note.framework */,
				DFCB930C37325DE33FEA805C /* Pods_Card_NoteTests.framework */,
				CBECEEB608B44188F61CFEE6 /* Pods_Card_NoteUITests.framework */,
			);
			name = Frameworks;
			sourceTree = "<group>";
		};
		B60F40DD2074D5C100196DD5 /* View */ = {
			isa = PBXGroup;
			children = (
				B60F40D92074CFE700196DD5 /* CardView.swift */,
				B696AF3E20AC38E1004C7E9E /* CardViewDelegate.swift */,
				B6613B08207B80A1001D117B /* Palette.swift */,
				B6613B0A207CD440001D117B /* CardEditorView.swift */,
				B62EC9862081D59E004EE3C0 /* UserView.swift */,
				B6A86DF52088F4EF00F2C6EC /* AlertView.swift */,
				B6155EBC208AEE840031F262 /* SearchBar.swift */,
				B610298D2098614C00DA91BB /* LocationListView.swift */,
				B610298F209891DA00DA91BB /* LocationListViewDelegate.swift */,
				B6BAADDC20A196F8008B6761 /* FilterView.swift */,
				B64489C220A2FB0100ED3400 /* CardViewPanelDelegate.swift */,
				B6FF866320A1B9B8000D0B51 /* CardViewPanel.swift */,
				B64489D320A41FCC00ED3400 /* ShareView.swift */,
				B6985A7C20BD55FB0014A89B /* AttributedTextView.swift */,
				B6985A8D20BD7D460014A89B /* AttributedTextViewDelegate.swift */,
				B6E46AEB20DF9DC400263EFB /* SwitchSetting.swift */,
				B64A18AE20F4FFF000833BE2 /* AccountPlanView.swift */,
				B6A68AB121076A09009EDA4B /* FloatButton.swift */,
				B64DD43A211183C200BB0B66 /* TagOptionView.swift */,
				B64DD4432111A5F500BB0B66 /* TagInputView.swift */,
				B6555E38212961050042C9C3 /* LoadingView.swift */,
				9A4DAEE5214B7E790046403C /* ProgressBar.swift */,
			);
			path = View;
			sourceTree = "<group>";
		};
		B60F40DE2074D5D200196DD5 /* ViewController */ = {
			isa = PBXGroup;
			children = (
				B6054A362102169A00E7CFF6 /* Map */,
				B6BA3AAB2064AE5300290BBB /* ViewController.swift */,
				B60F40E02074EB2900196DD5 /* CardEditor.swift */,
				B6EC1F3D20D3AAFB00E04C4F /* CardEditorDelegate.swift */,
				B67FA6222075BDE900EFF7E9 /* AddNewItemController.swift */,
				B67FA6252075D1CB00EFF7E9 /* CardViewController.swift */,
				B62EC9882081FF1A004EE3C0 /* UserViewController.swift */,
				B6A86DE8208822DF00F2C6EC /* SignUpController.swift */,
				B6A86DF32088D6E200F2C6EC /* AdViewController.swift */,
				B6A86DF12088243200F2C6EC /* OrientationController.swift */,
				B6BAADCA20A18317008B6761 /* TapBarController.swift */,
				B631B14C20CA4CB00026534F /* UsController.swift */,
				B6E46AF420DFA71A00263EFB /* SettingController.swift */,
				B64A18A520F4DDAD00833BE2 /* AccountPlanController.swift */,
				B64A18BA20F62B5000833BE2 /* PremiumController.swift */,
				B64DD43021104C1600BB0B66 /* ClassController.swift */,
				B672D431211FE50200A51D9D /* AccountSettingController.swift */,
				B61DAA222123FBF20004217B /* OCRController.swift */,
				B61DAA2B21246C620004217B /* OCRResultController.swift */,
				B6555E2F21273B840042C9C3 /* VoiceRecognitionController.swift */,
				B6555E3D212A97B30042C9C3 /* TranslationController.swift */,
				B6555E46212AA0EA0042C9C3 /* OptionViewController.swift */,
				B6948C2F213936DE00C611CF /* MailController.swift */,
				9A4DAEE7214F3C830046403C /* LoadingViewController.swift */,
				9A01D079216843450051D3F5 /* MindMapController.swift */,
				9A7ABE9B216DB3DF00EC5115 /* ImageController.swift */,
			);
			path = ViewController;
			sourceTree = "<group>";
		};
		B60F40DF2074D5E400196DD5 /* Structure */ = {
			isa = PBXGroup;
			children = (
				B605E0FD208CAAE600F2C260 /* Card */,
				B6613B0C20803A59001D117B /* Constraint.swift */,
				B6613B0E2080404B001D117B /* SearchEngine.swift */,
				B62EC98A20820168004EE3C0 /* User.swift */,
				B602B1572093244300CD8A40 /* RecordManager.swift */,
				B605E0F2208CA90000F2C260 /* CardParser.swift */,
				B6FB6C9621032E7400915B3B /* SpeechManager.swift */,
				B6FDCEE520BAFD3400BEBD35 /* ImageManager.swift */,
				B64A18B120F5D77B00833BE2 /* PurchaseManager.swift */,
				B68CA33A2117620A00E9A4D3 /* TimeManager.swift */,
				B672D43A2120176600A51D9D /* Cloud.swift */,
				B612ABC621414D1B00EB5314 /* PlaceBase.swift */,
			);
			path = Structure;
			sourceTree = "<group>";
		};
		B61D68DE209613BB00B69009 /* Translation */ = {
			isa = PBXGroup;
			children = (
				B61D68F720961BF200B69009 /* FanYiSDK.h */,
				B61D68FA20961C0600B69009 /* libbase.a */,
				B6054A232100F3D800E7CFF6 /* libSpeechRecognition.a */,
				B61D68F820961BFB00B69009 /* libonline.a */,
				B61D690C2096217E00B69009 /* TranslationManager.swift */,
			);
			path = Translation;
			sourceTree = "<group>";
		};
		B61DAA112123D6100004217B /* OCR */ = {
			isa = PBXGroup;
			children = (
				B61DAA192123D6350004217B /* OCRSDK.h */,
				B61DAA1A2123D63E0004217B /* libocronline.a */,
				B61DAA1C2123D7520004217B /* OCRManager.swift */,
			);
			path = OCR;
			sourceTree = "<group>";
		};
		B6BA3A9D2064AE5300290BBB = {
			isa = PBXGroup;
			children = (
				B612ABCA214178E800EB5314 /* MyPlayground.playground */,
				B6BA3AA82064AE5300290BBB /* Card Note */,
				B6BA3AC02064AE5400290BBB /* Card NoteTests */,
				B6BA3ACB2064AE5400290BBB /* Card NoteUITests */,
				B6BA3AA72064AE5300290BBB /* Products */,
				B605E108208CB22700F2C260 /* Frameworks */,
				B92E7846549633F347AC2267 /* Pods */,
			);
			sourceTree = "<group>";
		};
		B6BA3AA72064AE5300290BBB /* Products */ = {
			isa = PBXGroup;
			children = (
				B6BA3AA62064AE5300290BBB /* Card Note.app */,
				B6BA3ABD2064AE5400290BBB /* Card NoteTests.xctest */,
				B6BA3AC82064AE5400290BBB /* Card NoteUITests.xctest */,
			);
			name = Products;
			sourceTree = "<group>";
		};
		B6BA3AA82064AE5300290BBB /* Card Note */ = {
			isa = PBXGroup;
			children = (
				B64BAD8B209C3FE200B9ED73 /* Card Note.entitlements */,
				B61D68F32096149900B69009 /* bridge.h */,
				B61DAA112123D6100004217B /* OCR */,
				B61D68DE209613BB00B69009 /* Translation */,
				B6BA3AA92064AE5300290BBB /* AppDelegate.swift */,
				B60F40DB2074D0AE00196DD5 /* Constant.swift */,
				B6E505062077D49F003504D8 /* Extension.swift */,
				B60F40DF2074D5E400196DD5 /* Structure */,
				B60F40DE2074D5D200196DD5 /* ViewController */,
				B60F40DD2074D5C100196DD5 /* View */,
				B6BA3AAD2064AE5300290BBB /* Main.storyboard */,
				B6BA3AB32064AE5300290BBB /* Assets.xcassets */,
				B6BA3AB52064AE5300290BBB /* LaunchScreen.storyboard */,
				B6BA3AB82064AE5300290BBB /* Info.plist */,
				B6555E3A212A8A8A0042C9C3 /* languageList.plist */,
				B612ABC821415DCB00EB5314 /* googleMapsSupportedLanguage.plist */,
				B6BA3AB02064AE5300290BBB /* Card_Note.xcdatamodeld */,
				B6BA3ADA2064AF4C00290BBB /* Card.xib */,
			);
			path = "Card Note";
			sourceTree = "<group>";
		};
		B6BA3AC02064AE5400290BBB /* Card NoteTests */ = {
			isa = PBXGroup;
			children = (
				B6BA3AC12064AE5400290BBB /* Card_NoteTests.swift */,
				B6BA3AC32064AE5400290BBB /* Info.plist */,
			);
			path = "Card NoteTests";
			sourceTree = "<group>";
		};
		B6BA3ACB2064AE5400290BBB /* Card NoteUITests */ = {
			isa = PBXGroup;
			children = (
				B6BA3ACC2064AE5400290BBB /* Card_NoteUITests.swift */,
				B6BA3ACE2064AE5400290BBB /* Info.plist */,
			);
			path = "Card NoteUITests";
			sourceTree = "<group>";
		};
		B92E7846549633F347AC2267 /* Pods */ = {
			isa = PBXGroup;
			children = (
				288E50F573462BC75BADF7ED /* Pods-Card Note.debug.xcconfig */,
				6D367C44CB37801228D2000E /* Pods-Card Note.release.xcconfig */,
				848138D52FA7C090148B80D7 /* Pods-Card NoteTests.debug.xcconfig */,
				0987D770A305F949EBDD0434 /* Pods-Card NoteTests.release.xcconfig */,
				AF6D09AFA1C8271D5CA99BB1 /* Pods-Card NoteUITests.debug.xcconfig */,
				5D5BD78FF6BFDEE29AF0C6C4 /* Pods-Card NoteUITests.release.xcconfig */,
			);
			name = Pods;
			sourceTree = "<group>";
		};
/* End PBXGroup section */

/* Begin PBXNativeTarget section */
		B6BA3AA52064AE5300290BBB /* Card Note */ = {
			isa = PBXNativeTarget;
			buildConfigurationList = B6BA3AD12064AE5400290BBB /* Build configuration list for PBXNativeTarget "Card Note" */;
			buildPhases = (
				7F4BE876E423D574FED5EC1C /* [CP] Check Pods Manifest.lock */,
				B6BA3AA22064AE5300290BBB /* Sources */,
				B6BA3AA32064AE5300290BBB /* Frameworks */,
				B6BA3AA42064AE5300290BBB /* Resources */,
				B62EC9AC208207D5004EE3C0 /* Embed Frameworks */,
				B62EC9AD208207D5004EE3C0 /* Embed PlugIns */,
				1FADB81C2D77E765AE62397A /* [CP] Embed Pods Frameworks */,
				28EDA217DDE5DE0EAD67059B /* [CP] Copy Pods Resources */,
			);
			buildRules = (
			);
			dependencies = (
			);
			name = "Card Note";
			productName = "Card Note";
			productReference = B6BA3AA62064AE5300290BBB /* Card Note.app */;
			productType = "com.apple.product-type.application";
		};
		B6BA3ABC2064AE5400290BBB /* Card NoteTests */ = {
			isa = PBXNativeTarget;
			buildConfigurationList = B6BA3AD42064AE5400290BBB /* Build configuration list for PBXNativeTarget "Card NoteTests" */;
			buildPhases = (
				D9531AB910E63E5021FE1026 /* [CP] Check Pods Manifest.lock */,
				B6BA3AB92064AE5400290BBB /* Sources */,
				B6BA3ABA2064AE5400290BBB /* Frameworks */,
				B6BA3ABB2064AE5400290BBB /* Resources */,
			);
			buildRules = (
			);
			dependencies = (
				B6BA3ABF2064AE5400290BBB /* PBXTargetDependency */,
			);
			name = "Card NoteTests";
			productName = "Card NoteTests";
			productReference = B6BA3ABD2064AE5400290BBB /* Card NoteTests.xctest */;
			productType = "com.apple.product-type.bundle.unit-test";
		};
		B6BA3AC72064AE5400290BBB /* Card NoteUITests */ = {
			isa = PBXNativeTarget;
			buildConfigurationList = B6BA3AD72064AE5400290BBB /* Build configuration list for PBXNativeTarget "Card NoteUITests" */;
			buildPhases = (
				59FF2A3C7B178C8183EC74A4 /* [CP] Check Pods Manifest.lock */,
				B6BA3AC42064AE5400290BBB /* Sources */,
				B6BA3AC52064AE5400290BBB /* Frameworks */,
				B6BA3AC62064AE5400290BBB /* Resources */,
			);
			buildRules = (
			);
			dependencies = (
				B6BA3ACA2064AE5400290BBB /* PBXTargetDependency */,
			);
			name = "Card NoteUITests";
			productName = "Card NoteUITests";
			productReference = B6BA3AC82064AE5400290BBB /* Card NoteUITests.xctest */;
			productType = "com.apple.product-type.bundle.ui-testing";
		};
/* End PBXNativeTarget section */

/* Begin PBXProject section */
		B6BA3A9E2064AE5300290BBB /* Project object */ = {
			isa = PBXProject;
			attributes = {
				LastSwiftUpdateCheck = 0920;
				LastUpgradeCheck = 0920;
				ORGANIZATIONNAME = WeiQiang;
				TargetAttributes = {
					B6BA3AA52064AE5300290BBB = {
						CreatedOnToolsVersion = 9.2;
						ProvisioningStyle = Automatic;
						SystemCapabilities = {
							com.apple.BackgroundModes = {
								enabled = 1;
							};
							com.apple.InAppPurchase = {
								enabled = 1;
							};
							com.apple.Push = {
								enabled = 1;
							};
							com.apple.iCloud = {
								enabled = 1;
							};
						};
					};
					B6BA3ABC2064AE5400290BBB = {
						CreatedOnToolsVersion = 9.2;
						ProvisioningStyle = Automatic;
						TestTargetID = B6BA3AA52064AE5300290BBB;
					};
					B6BA3AC72064AE5400290BBB = {
						CreatedOnToolsVersion = 9.2;
						ProvisioningStyle = Automatic;
						TestTargetID = B6BA3AA52064AE5300290BBB;
					};
				};
			};
			buildConfigurationList = B6BA3AA12064AE5300290BBB /* Build configuration list for PBXProject "Card Note" */;
			compatibilityVersion = "Xcode 8.0";
			developmentRegion = en;
			hasScannedForEncodings = 0;
			knownRegions = (
				en,
				Base,
			);
			mainGroup = B6BA3A9D2064AE5300290BBB;
			productRefGroup = B6BA3AA72064AE5300290BBB /* Products */;
			projectDirPath = "";
			projectRoot = "";
			targets = (
				B6BA3AA52064AE5300290BBB /* Card Note */,
				B6BA3ABC2064AE5400290BBB /* Card NoteTests */,
				B6BA3AC72064AE5400290BBB /* Card NoteUITests */,
			);
		};
/* End PBXProject section */

/* Begin PBXResourcesBuildPhase section */
		B6BA3AA42064AE5300290BBB /* Resources */ = {
			isa = PBXResourcesBuildPhase;
			buildActionMask = 2147483647;
			files = (
				B6BA3AB72064AE5300290BBB /* LaunchScreen.storyboard in Resources */,
				B6BA3AB42064AE5300290BBB /* Assets.xcassets in Resources */,
				B6555E3B212A8A8C0042C9C3 /* languageList.plist in Resources */,
				B6BA3AAF2064AE5300290BBB /* Main.storyboard in Resources */,
				B6BA3ADB2064AF4C00290BBB /* Card.xib in Resources */,
				B612ABC921415DCB00EB5314 /* googleMapsSupportedLanguage.plist in Resources */,
			);
			runOnlyForDeploymentPostprocessing = 0;
		};
		B6BA3ABB2064AE5400290BBB /* Resources */ = {
			isa = PBXResourcesBuildPhase;
			buildActionMask = 2147483647;
			files = (
			);
			runOnlyForDeploymentPostprocessing = 0;
		};
		B6BA3AC62064AE5400290BBB /* Resources */ = {
			isa = PBXResourcesBuildPhase;
			buildActionMask = 2147483647;
			files = (
			);
			runOnlyForDeploymentPostprocessing = 0;
		};
/* End PBXResourcesBuildPhase section */

/* Begin PBXShellScriptBuildPhase section */
		1FADB81C2D77E765AE62397A /* [CP] Embed Pods Frameworks */ = {
			isa = PBXShellScriptBuildPhase;
			buildActionMask = 2147483647;
			files = (
			);
			inputPaths = (
				"${SRCROOT}/Pods/Target Support Files/Pods-Card Note/Pods-Card Note-frameworks.sh",
				"${BUILT_PRODUCTS_DIR}/Alamofire/Alamofire.framework",
				"${BUILT_PRODUCTS_DIR}/ChameleonFramework/ChameleonFramework.framework",
				"${BUILT_PRODUCTS_DIR}/Font-Awesome-Swift/Font_Awesome_Swift.framework",
				"${BUILT_PRODUCTS_DIR}/Hero/Hero.framework",
				"${BUILT_PRODUCTS_DIR}/Instructions/Instructions.framework",
				"${BUILT_PRODUCTS_DIR}/JTAppleCalendar/JTAppleCalendar.framework",
				"${PODS_ROOT}/Mapbox-iOS-SDK/dynamic/Mapbox.framework",
				"${PODS_ROOT}/Mapbox-iOS-SDK/dynamic/Mapbox.framework.dSYM",
				"${BUILT_PRODUCTS_DIR}/MapboxGeocoder.swift/MapboxGeocoder.framework",
				"${BUILT_PRODUCTS_DIR}/QCloudCOSXML/QCloudCOSXML.framework",
				"${BUILT_PRODUCTS_DIR}/QCloudCore/QCloudCore.framework",
				"${BUILT_PRODUCTS_DIR}/RAMPaperSwitch/RAMPaperSwitch.framework",
				"${BUILT_PRODUCTS_DIR}/SCLAlertView/SCLAlertView.framework",
				"${BUILT_PRODUCTS_DIR}/Spring/Spring.framework",
				"${BUILT_PRODUCTS_DIR}/SwiftMessages/SwiftMessages.framework",
				"${BUILT_PRODUCTS_DIR}/SwiftyJSON/SwiftyJSON.framework",
				"${BUILT_PRODUCTS_DIR}/SwiftyStoreKit/SwiftyStoreKit.framework",
			);
			name = "[CP] Embed Pods Frameworks";
			outputPaths = (
				"${TARGET_BUILD_DIR}/${FRAMEWORKS_FOLDER_PATH}/Alamofire.framework",
				"${TARGET_BUILD_DIR}/${FRAMEWORKS_FOLDER_PATH}/ChameleonFramework.framework",
				"${TARGET_BUILD_DIR}/${FRAMEWORKS_FOLDER_PATH}/Font_Awesome_Swift.framework",
				"${TARGET_BUILD_DIR}/${FRAMEWORKS_FOLDER_PATH}/Hero.framework",
				"${TARGET_BUILD_DIR}/${FRAMEWORKS_FOLDER_PATH}/Instructions.framework",
				"${TARGET_BUILD_DIR}/${FRAMEWORKS_FOLDER_PATH}/JTAppleCalendar.framework",
				"${TARGET_BUILD_DIR}/${FRAMEWORKS_FOLDER_PATH}/Mapbox.framework",
				"${DWARF_DSYM_FOLDER_PATH}/Mapbox.framework.dSYM",
				"${TARGET_BUILD_DIR}/${FRAMEWORKS_FOLDER_PATH}/MapboxGeocoder.framework",
				"${TARGET_BUILD_DIR}/${FRAMEWORKS_FOLDER_PATH}/QCloudCOSXML.framework",
				"${TARGET_BUILD_DIR}/${FRAMEWORKS_FOLDER_PATH}/QCloudCore.framework",
				"${TARGET_BUILD_DIR}/${FRAMEWORKS_FOLDER_PATH}/RAMPaperSwitch.framework",
				"${TARGET_BUILD_DIR}/${FRAMEWORKS_FOLDER_PATH}/SCLAlertView.framework",
				"${TARGET_BUILD_DIR}/${FRAMEWORKS_FOLDER_PATH}/Spring.framework",
				"${TARGET_BUILD_DIR}/${FRAMEWORKS_FOLDER_PATH}/SwiftMessages.framework",
				"${TARGET_BUILD_DIR}/${FRAMEWORKS_FOLDER_PATH}/SwiftyJSON.framework",
				"${TARGET_BUILD_DIR}/${FRAMEWORKS_FOLDER_PATH}/SwiftyStoreKit.framework",
			);
			runOnlyForDeploymentPostprocessing = 0;
			shellPath = /bin/sh;
			shellScript = "\"${SRCROOT}/Pods/Target Support Files/Pods-Card Note/Pods-Card Note-frameworks.sh\"\n";
			showEnvVarsInLog = 0;
		};
		28EDA217DDE5DE0EAD67059B /* [CP] Copy Pods Resources */ = {
			isa = PBXShellScriptBuildPhase;
			buildActionMask = 2147483647;
			files = (
			);
			inputPaths = (
				"${SRCROOT}/Pods/Target Support Files/Pods-Card Note/Pods-Card Note-resources.sh",
				"${PODS_ROOT}/AMap2DMap/MAMapKit.framework/AMap.bundle",
				"${PODS_ROOT}/BaiduMapKit/BaiduMapKit/BaiduMapAPI_Map.framework/mapapi.bundle",
			);
			name = "[CP] Copy Pods Resources";
			outputPaths = (
				"${TARGET_BUILD_DIR}/${UNLOCALIZED_RESOURCES_FOLDER_PATH}/AMap.bundle",
				"${TARGET_BUILD_DIR}/${UNLOCALIZED_RESOURCES_FOLDER_PATH}/mapapi.bundle",
			);
			runOnlyForDeploymentPostprocessing = 0;
			shellPath = /bin/sh;
			shellScript = "\"${SRCROOT}/Pods/Target Support Files/Pods-Card Note/Pods-Card Note-resources.sh\"\n";
			showEnvVarsInLog = 0;
		};
		59FF2A3C7B178C8183EC74A4 /* [CP] Check Pods Manifest.lock */ = {
			isa = PBXShellScriptBuildPhase;
			buildActionMask = 2147483647;
			files = (
			);
			inputPaths = (
				"${PODS_PODFILE_DIR_PATH}/Podfile.lock",
				"${PODS_ROOT}/Manifest.lock",
			);
			name = "[CP] Check Pods Manifest.lock";
			outputPaths = (
				"$(DERIVED_FILE_DIR)/Pods-Card NoteUITests-checkManifestLockResult.txt",
			);
			runOnlyForDeploymentPostprocessing = 0;
			shellPath = /bin/sh;
			shellScript = "diff \"${PODS_PODFILE_DIR_PATH}/Podfile.lock\" \"${PODS_ROOT}/Manifest.lock\" > /dev/null\nif [ $? != 0 ] ; then\n    # print error to STDERR\n    echo \"error: The sandbox is not in sync with the Podfile.lock. Run 'pod install' or update your CocoaPods installation.\" >&2\n    exit 1\nfi\n# This output is used by Xcode 'outputs' to avoid re-running this script phase.\necho \"SUCCESS\" > \"${SCRIPT_OUTPUT_FILE_0}\"\n";
			showEnvVarsInLog = 0;
		};
		7F4BE876E423D574FED5EC1C /* [CP] Check Pods Manifest.lock */ = {
			isa = PBXShellScriptBuildPhase;
			buildActionMask = 2147483647;
			files = (
			);
			inputPaths = (
				"${PODS_PODFILE_DIR_PATH}/Podfile.lock",
				"${PODS_ROOT}/Manifest.lock",
			);
			name = "[CP] Check Pods Manifest.lock";
			outputPaths = (
				"$(DERIVED_FILE_DIR)/Pods-Card Note-checkManifestLockResult.txt",
			);
			runOnlyForDeploymentPostprocessing = 0;
			shellPath = /bin/sh;
			shellScript = "diff \"${PODS_PODFILE_DIR_PATH}/Podfile.lock\" \"${PODS_ROOT}/Manifest.lock\" > /dev/null\nif [ $? != 0 ] ; then\n    # print error to STDERR\n    echo \"error: The sandbox is not in sync with the Podfile.lock. Run 'pod install' or update your CocoaPods installation.\" >&2\n    exit 1\nfi\n# This output is used by Xcode 'outputs' to avoid re-running this script phase.\necho \"SUCCESS\" > \"${SCRIPT_OUTPUT_FILE_0}\"\n";
			showEnvVarsInLog = 0;
		};
		D9531AB910E63E5021FE1026 /* [CP] Check Pods Manifest.lock */ = {
			isa = PBXShellScriptBuildPhase;
			buildActionMask = 2147483647;
			files = (
			);
			inputPaths = (
				"${PODS_PODFILE_DIR_PATH}/Podfile.lock",
				"${PODS_ROOT}/Manifest.lock",
			);
			name = "[CP] Check Pods Manifest.lock";
			outputPaths = (
				"$(DERIVED_FILE_DIR)/Pods-Card NoteTests-checkManifestLockResult.txt",
			);
			runOnlyForDeploymentPostprocessing = 0;
			shellPath = /bin/sh;
			shellScript = "diff \"${PODS_PODFILE_DIR_PATH}/Podfile.lock\" \"${PODS_ROOT}/Manifest.lock\" > /dev/null\nif [ $? != 0 ] ; then\n    # print error to STDERR\n    echo \"error: The sandbox is not in sync with the Podfile.lock. Run 'pod install' or update your CocoaPods installation.\" >&2\n    exit 1\nfi\n# This output is used by Xcode 'outputs' to avoid re-running this script phase.\necho \"SUCCESS\" > \"${SCRIPT_OUTPUT_FILE_0}\"\n";
			showEnvVarsInLog = 0;
		};
/* End PBXShellScriptBuildPhase section */

/* Begin PBXSourcesBuildPhase section */
		B6BA3AA22064AE5300290BBB /* Sources */ = {
			isa = PBXSourcesBuildPhase;
			buildActionMask = 2147483647;
			files = (
				B64DD43B211183C200BB0B66 /* TagOptionView.swift in Sources */,
				B6555E3E212A97B30042C9C3 /* TranslationController.swift in Sources */,
				B6BA3AAC2064AE5300290BBB /* ViewController.swift in Sources */,
				B62EC9892081FF1A004EE3C0 /* UserViewController.swift in Sources */,
				B64489D220A2FB0100ED3400 /* CardViewPanelDelegate.swift in Sources */,
				B6A86DF62088F4EF00F2C6EC /* AlertView.swift in Sources */,
				B6613B09207B80A1001D117B /* Palette.swift in Sources */,
				B61D690D2096217E00B69009 /* TranslationManager.swift in Sources */,
				9A4DAEE6214B7E790046403C /* ProgressBar.swift in Sources */,
				B610298A20983D4C00DA91BB /* UIMapPIcker.swift in Sources */,
				B602B1542092041C00CD8A40 /* SharedCard.swift in Sources */,
				B60F40E12074EB2900196DD5 /* CardEditor.swift in Sources */,
				B6555E47212AA0EA0042C9C3 /* OptionViewController.swift in Sources */,
				B610298C209840CE00DA91BB /* UIMapPickerDelegate.swift in Sources */,
				B6E46AF520DFA71A00263EFB /* SettingController.swift in Sources */,
				B6A86DF22088243200F2C6EC /* OrientationController.swift in Sources */,
				B696AF3F20AC38E1004C7E9E /* CardViewDelegate.swift in Sources */,
				B6E46AEC20DF9DC400263EFB /* SwitchSetting.swift in Sources */,
				B6CAA98E213E5045009CC4A4 /* UIMapPickerWithBaiduMap.swift in Sources */,
				B61DAA232123FBF20004217B /* OCRController.swift in Sources */,
				B602B1582093244300CD8A40 /* RecordManager.swift in Sources */,
				B64A18A620F4DDAD00833BE2 /* AccountPlanController.swift in Sources */,
				B605E0F3208CA90000F2C260 /* CardParser.swift in Sources */,
				B64A18BB20F62B5000833BE2 /* PremiumController.swift in Sources */,
				B6613B0F2080404B001D117B /* SearchEngine.swift in Sources */,
				B6555E3021273B840042C9C3 /* VoiceRecognitionController.swift in Sources */,
				B6BA3AAA2064AE5300290BBB /* AppDelegate.swift in Sources */,
				B6385A9620C65CDF00E022CB /* MovieCard.swift in Sources */,
				9A7ABE9C216DB3DF00EC5115 /* ImageController.swift in Sources */,
				B6985A8E20BD7D460014A89B /* AttributedTextViewDelegate.swift in Sources */,
				B67FA6232075BDE900EFF7E9 /* AddNewItemController.swift in Sources */,
				B672D432211FE50200A51D9D /* AccountSettingController.swift in Sources */,
				B6385AA720C65CF800E022CB /* ListCard.swift in Sources */,
				9A4DAEE8214F3C830046403C /* LoadingViewController.swift in Sources */,
				B6FF866420A1B9B8000D0B51 /* CardViewPanel.swift in Sources */,
				B6155EBD208AEE840031F262 /* SearchBar.swift in Sources */,
				B62EC98B20820168004EE3C0 /* User.swift in Sources */,
				B602B1562093232600CD8A40 /* VoiceCard.swift in Sources */,
				B61DAA2C21246C630004217B /* OCRResultController.swift in Sources */,
				B64DD43121104C1600BB0B66 /* ClassController.swift in Sources */,
				B631B14D20CA4CB00026534F /* UsController.swift in Sources */,
				B6948C30213936DE00C611CF /* MailController.swift in Sources */,
				B6BA3AB22064AE5300290BBB /* Card_Note.xcdatamodeld in Sources */,
				B64489D420A41FCC00ED3400 /* ShareView.swift in Sources */,
				B6A86DF42088D6E200F2C6EC /* AdViewController.swift in Sources */,
				B605E0FF208CAAFF00F2C260 /* MapCard.swift in Sources */,
				B62EC9872081D59E004EE3C0 /* UserView.swift in Sources */,
				B61DAA1D2123D7520004217B /* OCRManager.swift in Sources */,
				B64DD4442111A5F500BB0B66 /* TagInputView.swift in Sources */,
				B6791227208DFFF100A417FD /* PicCard.swift in Sources */,
				B605E101208CAB0D00F2C260 /* TextCard.swift in Sources */,
				B6985A7D20BD55FB0014A89B /* AttributedTextView.swift in Sources */,
				B6555E39212961060042C9C3 /* LoadingView.swift in Sources */,
				B6102990209891DA00DA91BB /* LocationListViewDelegate.swift in Sources */,
				B6E505072077D49F003504D8 /* Extension.swift in Sources */,
				B6A86DE9208822DF00F2C6EC /* SignUpController.swift in Sources */,
				B64A18AF20F4FFF000833BE2 /* AccountPlanView.swift in Sources */,
				9A01D07A216843450051D3F5 /* MindMapController.swift in Sources */,
				B6FB6C9721032E7400915B3B /* SpeechManager.swift in Sources */,
				B672D43B2120176600A51D9D /* Cloud.swift in Sources */,
				B6BAADDD20A196F8008B6761 /* FilterView.swift in Sources */,
				B67FA6262075D1CB00EFF7E9 /* CardViewController.swift in Sources */,
				B605E0FC208CAADE00F2C260 /* ExampleCard.swift in Sources */,
				B68CA33B2117620A00E9A4D3 /* TimeManager.swift in Sources */,
				B68ACBBF206BB1EF0085E5C5 /* Card.swift in Sources */,
				B6EC1F3E20D3AAFB00E04C4F /* CardEditorDelegate.swift in Sources */,
				B610298E2098614C00DA91BB /* LocationListView.swift in Sources */,
				B60F40DA2074CFE700196DD5 /* CardView.swift in Sources */,
				B60F40DC2074D0AE00196DD5 /* Constant.swift in Sources */,
				B612ABC721414D1B00EB5314 /* PlaceBase.swift in Sources */,
				B6BAADCB20A18317008B6761 /* TapBarController.swift in Sources */,
				B6613B0D20803A59001D117B /* Constraint.swift in Sources */,
				B64A18B220F5D77B00833BE2 /* PurchaseManager.swift in Sources */,
				B6613B0B207CD440001D117B /* CardEditorView.swift in Sources */,
				B6054A2E2102168D00E7CFF6 /* UIMapPickerWithMapBox.swift in Sources */,
				B6A68AB221076A09009EDA4B /* FloatButton.swift in Sources */,
				B6FDCEE620BAFD3400BEBD35 /* ImageManager.swift in Sources */,
			);
			runOnlyForDeploymentPostprocessing = 0;
		};
		B6BA3AB92064AE5400290BBB /* Sources */ = {
			isa = PBXSourcesBuildPhase;
			buildActionMask = 2147483647;
			files = (
				B6BA3AC22064AE5400290BBB /* Card_NoteTests.swift in Sources */,
			);
			runOnlyForDeploymentPostprocessing = 0;
		};
		B6BA3AC42064AE5400290BBB /* Sources */ = {
			isa = PBXSourcesBuildPhase;
			buildActionMask = 2147483647;
			files = (
				B6BA3ACD2064AE5400290BBB /* Card_NoteUITests.swift in Sources */,
			);
			runOnlyForDeploymentPostprocessing = 0;
		};
/* End PBXSourcesBuildPhase section */

/* Begin PBXTargetDependency section */
		B6BA3ABF2064AE5400290BBB /* PBXTargetDependency */ = {
			isa = PBXTargetDependency;
			target = B6BA3AA52064AE5300290BBB /* Card Note */;
			targetProxy = B6BA3ABE2064AE5400290BBB /* PBXContainerItemProxy */;
		};
		B6BA3ACA2064AE5400290BBB /* PBXTargetDependency */ = {
			isa = PBXTargetDependency;
			target = B6BA3AA52064AE5300290BBB /* Card Note */;
			targetProxy = B6BA3AC92064AE5400290BBB /* PBXContainerItemProxy */;
		};
/* End PBXTargetDependency section */

/* Begin PBXVariantGroup section */
		B6BA3AAD2064AE5300290BBB /* Main.storyboard */ = {
			isa = PBXVariantGroup;
			children = (
				B6BA3AAE2064AE5300290BBB /* Base */,
				B61F2E0820FC775B00A6CD22 /* en */,
			);
			name = Main.storyboard;
			sourceTree = "<group>";
		};
		B6BA3AB52064AE5300290BBB /* LaunchScreen.storyboard */ = {
			isa = PBXVariantGroup;
			children = (
				B6BA3AB62064AE5300290BBB /* Base */,
			);
			name = LaunchScreen.storyboard;
			sourceTree = "<group>";
		};
/* End PBXVariantGroup section */

/* Begin XCBuildConfiguration section */
		B6BA3ACF2064AE5400290BBB /* Debug */ = {
			isa = XCBuildConfiguration;
			buildSettings = {
				ALWAYS_SEARCH_USER_PATHS = NO;
				CLANG_ANALYZER_NONNULL = YES;
				CLANG_ANALYZER_NUMBER_OBJECT_CONVERSION = YES_AGGRESSIVE;
				CLANG_CXX_LANGUAGE_STANDARD = "gnu++14";
				CLANG_CXX_LIBRARY = "libc++";
				CLANG_ENABLE_MODULES = YES;
				CLANG_ENABLE_OBJC_ARC = YES;
				CLANG_WARN_BLOCK_CAPTURE_AUTORELEASING = YES;
				CLANG_WARN_BOOL_CONVERSION = YES;
				CLANG_WARN_COMMA = YES;
				CLANG_WARN_CONSTANT_CONVERSION = YES;
				CLANG_WARN_DIRECT_OBJC_ISA_USAGE = YES_ERROR;
				CLANG_WARN_DOCUMENTATION_COMMENTS = YES;
				CLANG_WARN_EMPTY_BODY = YES;
				CLANG_WARN_ENUM_CONVERSION = YES;
				CLANG_WARN_INFINITE_RECURSION = YES;
				CLANG_WARN_INT_CONVERSION = YES;
				CLANG_WARN_NON_LITERAL_NULL_CONVERSION = YES;
				CLANG_WARN_OBJC_LITERAL_CONVERSION = YES;
				CLANG_WARN_OBJC_ROOT_CLASS = YES_ERROR;
				CLANG_WARN_RANGE_LOOP_ANALYSIS = YES;
				CLANG_WARN_STRICT_PROTOTYPES = YES;
				CLANG_WARN_SUSPICIOUS_MOVE = YES;
				CLANG_WARN_UNGUARDED_AVAILABILITY = YES_AGGRESSIVE;
				CLANG_WARN_UNREACHABLE_CODE = YES;
				CLANG_WARN__DUPLICATE_METHOD_MATCH = YES;
				CODE_SIGN_IDENTITY = "iPhone Developer";
				COPY_PHASE_STRIP = NO;
				DEBUG_INFORMATION_FORMAT = dwarf;
				ENABLE_STRICT_OBJC_MSGSEND = YES;
				ENABLE_TESTABILITY = YES;
				GCC_C_LANGUAGE_STANDARD = gnu11;
				GCC_DYNAMIC_NO_PIC = NO;
				GCC_NO_COMMON_BLOCKS = YES;
				GCC_OPTIMIZATION_LEVEL = 0;
				GCC_PREPROCESSOR_DEFINITIONS = (
					"DEBUG=1",
					"$(inherited)",
				);
				GCC_WARN_64_TO_32_BIT_CONVERSION = YES;
				GCC_WARN_ABOUT_RETURN_TYPE = YES_ERROR;
				GCC_WARN_UNDECLARED_SELECTOR = YES;
				GCC_WARN_UNINITIALIZED_AUTOS = YES_AGGRESSIVE;
				GCC_WARN_UNUSED_FUNCTION = YES;
				GCC_WARN_UNUSED_VARIABLE = YES;
				IPHONEOS_DEPLOYMENT_TARGET = 11.2;
				MTL_ENABLE_DEBUG_INFO = YES;
				ONLY_ACTIVE_ARCH = YES;
				SDKROOT = iphoneos;
				SWIFT_ACTIVE_COMPILATION_CONDITIONS = DEBUG;
				SWIFT_OPTIMIZATION_LEVEL = "-Onone";
			};
			name = Debug;
		};
		B6BA3AD02064AE5400290BBB /* Release */ = {
			isa = XCBuildConfiguration;
			buildSettings = {
				ALWAYS_SEARCH_USER_PATHS = NO;
				CLANG_ANALYZER_NONNULL = YES;
				CLANG_ANALYZER_NUMBER_OBJECT_CONVERSION = YES_AGGRESSIVE;
				CLANG_CXX_LANGUAGE_STANDARD = "gnu++14";
				CLANG_CXX_LIBRARY = "libc++";
				CLANG_ENABLE_MODULES = YES;
				CLANG_ENABLE_OBJC_ARC = YES;
				CLANG_WARN_BLOCK_CAPTURE_AUTORELEASING = YES;
				CLANG_WARN_BOOL_CONVERSION = YES;
				CLANG_WARN_COMMA = YES;
				CLANG_WARN_CONSTANT_CONVERSION = YES;
				CLANG_WARN_DIRECT_OBJC_ISA_USAGE = YES_ERROR;
				CLANG_WARN_DOCUMENTATION_COMMENTS = YES;
				CLANG_WARN_EMPTY_BODY = YES;
				CLANG_WARN_ENUM_CONVERSION = YES;
				CLANG_WARN_INFINITE_RECURSION = YES;
				CLANG_WARN_INT_CONVERSION = YES;
				CLANG_WARN_NON_LITERAL_NULL_CONVERSION = YES;
				CLANG_WARN_OBJC_LITERAL_CONVERSION = YES;
				CLANG_WARN_OBJC_ROOT_CLASS = YES_ERROR;
				CLANG_WARN_RANGE_LOOP_ANALYSIS = YES;
				CLANG_WARN_STRICT_PROTOTYPES = YES;
				CLANG_WARN_SUSPICIOUS_MOVE = YES;
				CLANG_WARN_UNGUARDED_AVAILABILITY = YES_AGGRESSIVE;
				CLANG_WARN_UNREACHABLE_CODE = YES;
				CLANG_WARN__DUPLICATE_METHOD_MATCH = YES;
				CODE_SIGN_IDENTITY = "iPhone Developer";
				COPY_PHASE_STRIP = NO;
				DEBUG_INFORMATION_FORMAT = "dwarf-with-dsym";
				ENABLE_NS_ASSERTIONS = NO;
				ENABLE_STRICT_OBJC_MSGSEND = YES;
				GCC_C_LANGUAGE_STANDARD = gnu11;
				GCC_NO_COMMON_BLOCKS = YES;
				GCC_WARN_64_TO_32_BIT_CONVERSION = YES;
				GCC_WARN_ABOUT_RETURN_TYPE = YES_ERROR;
				GCC_WARN_UNDECLARED_SELECTOR = YES;
				GCC_WARN_UNINITIALIZED_AUTOS = YES_AGGRESSIVE;
				GCC_WARN_UNUSED_FUNCTION = YES;
				GCC_WARN_UNUSED_VARIABLE = YES;
				IPHONEOS_DEPLOYMENT_TARGET = 11.2;
				MTL_ENABLE_DEBUG_INFO = NO;
				SDKROOT = iphoneos;
				SWIFT_OPTIMIZATION_LEVEL = "-Owholemodule";
				VALIDATE_PRODUCT = YES;
			};
			name = Release;
		};
		B6BA3AD22064AE5400290BBB /* Debug */ = {
			isa = XCBuildConfiguration;
			baseConfigurationReference = 288E50F573462BC75BADF7ED /* Pods-Card Note.debug.xcconfig */;
			buildSettings = {
				ALWAYS_EMBED_SWIFT_STANDARD_LIBRARIES = YES;
				ASSETCATALOG_COMPILER_APPICON_NAME = AppIcon;
				CODE_SIGN_ENTITLEMENTS = "Card Note/Card Note.entitlements";
				CODE_SIGN_IDENTITY = "iPhone Developer";
				"CODE_SIGN_IDENTITY[sdk=iphoneos*]" = "iPhone Developer";
				CODE_SIGN_STYLE = Automatic;
				DEVELOPMENT_TEAM = 3KSH8TJ2RK;
				ENABLE_BITCODE = NO;
				FRAMEWORK_SEARCH_PATHS = (
					"$(inherited)",
					"$(PROJECT_DIR)/Card\\ Note",
					"$(PROJECT_DIR)/Card\\ Note",
					"$(PROJECT_DIR)/Card\\ Note",
					"$(PROJECT_DIR)/Card\\ Note",
					"$(PROJECT_DIR)",
				);
				"HEADER_SEARCH_PATHS[arch=*]" = "$(PROJECT_DIR)/Card\\ Note";
				INFOPLIST_FILE = "Card Note/Info.plist";
				IPHONEOS_DEPLOYMENT_TARGET = 11.2;
				LD_RUNPATH_SEARCH_PATHS = "$(inherited) @executable_path/Frameworks";
				LIBRARY_SEARCH_PATHS = (
					"$(inherited)/**",
					"$(PROJECT_DIR)/Card\\ Note/**",
					"$(PROJECT_DIR)/**",
					"$(PROJECT_DIR)/Card\\ Note/Translation",
					"$(PROJECT_DIR)/Card\\ Note/OCR",
					"$(PROJECT_DIR)/Card\\ Note",
					"$(PROJECT_DIR)",
				);
				ONLY_ACTIVE_ARCH = NO;
				OTHER_LDFLAGS = (
					"-ObjC",
					"-all_load",
					"$(inherited)",
				);
				PRODUCT_BUNDLE_IDENTIFIER = com.Blueberry.CardNote;
				PRODUCT_NAME = "$(TARGET_NAME)";
				PROVISIONING_PROFILE_SPECIFIER = "";
				SWIFT_OBJC_BRIDGING_HEADER = "Card Note/bridge.h";
				SWIFT_VERSION = 4.0;
				TARGETED_DEVICE_FAMILY = 1;
				VALID_ARCHS = "armv7 armv7s arm64";
			};
			name = Debug;
		};
		B6BA3AD32064AE5400290BBB /* Release */ = {
			isa = XCBuildConfiguration;
			baseConfigurationReference = 6D367C44CB37801228D2000E /* Pods-Card Note.release.xcconfig */;
			buildSettings = {
				ALWAYS_EMBED_SWIFT_STANDARD_LIBRARIES = YES;
				ASSETCATALOG_COMPILER_APPICON_NAME = AppIcon;
				CODE_SIGN_ENTITLEMENTS = "Card Note/Card Note.entitlements";
				CODE_SIGN_IDENTITY = "iPhone Developer";
				"CODE_SIGN_IDENTITY[sdk=iphoneos*]" = "iPhone Developer";
				CODE_SIGN_STYLE = Automatic;
				DEBUG_INFORMATION_FORMAT = dwarf;
				DEVELOPMENT_TEAM = 3KSH8TJ2RK;
				ENABLE_BITCODE = NO;
				FRAMEWORK_SEARCH_PATHS = (
					"$(inherited)",
					"$(PROJECT_DIR)/Card\\ Note",
					"$(PROJECT_DIR)/Card\\ Note",
					"$(PROJECT_DIR)/Card\\ Note",
					"$(PROJECT_DIR)/Card\\ Note",
					"$(PROJECT_DIR)",
				);
				GCC_OPTIMIZATION_LEVEL = 0;
				"HEADER_SEARCH_PATHS[arch=*]" = "$(PROJECT_DIR)/Card\\ Note";
				INFOPLIST_FILE = "Card Note/Info.plist";
				IPHONEOS_DEPLOYMENT_TARGET = 11.2;
				LD_RUNPATH_SEARCH_PATHS = "$(inherited) @executable_path/Frameworks";
				LIBRARY_SEARCH_PATHS = (
					"$(inherited)",
					"$(PROJECT_DIR)/Card\\ Note/**",
					"$(PROJECT_DIR)/**",
					"$(PROJECT_DIR)/Card\\ Note/Translation",
					"$(PROJECT_DIR)/Card\\ Note/OCR",
					"$(PROJECT_DIR)/Card\\ Note",
					"$(PROJECT_DIR)",
				);
				"LIBRARY_SEARCH_PATHS[arch=*]" = (
					"$(inherited)",
					"$(PROJECT_DIR)/Card\\ Note/**",
				);
				ONLY_ACTIVE_ARCH = NO;
				OTHER_LDFLAGS = (
					"-ObjC",
					"-all_load",
					"$(inherited)",
				);
				PRODUCT_BUNDLE_IDENTIFIER = com.Blueberry.CardNote;
				PRODUCT_NAME = "$(TARGET_NAME)";
				PROVISIONING_PROFILE_SPECIFIER = "";
				SWIFT_OBJC_BRIDGING_HEADER = "Card Note/bridge.h";
				SWIFT_VERSION = 4.0;
				TARGETED_DEVICE_FAMILY = 1;
				VALID_ARCHS = "armv7 armv7s arm64";
			};
			name = Release;
		};
		B6BA3AD52064AE5400290BBB /* Debug */ = {
			isa = XCBuildConfiguration;
			baseConfigurationReference = 848138D52FA7C090148B80D7 /* Pods-Card NoteTests.debug.xcconfig */;
			buildSettings = {
				ALWAYS_EMBED_SWIFT_STANDARD_LIBRARIES = YES;
				BUNDLE_LOADER = "$(TEST_HOST)";
				CODE_SIGN_STYLE = Automatic;
				DEVELOPMENT_TEAM = 3KSH8TJ2RK;
				INFOPLIST_FILE = "Card NoteTests/Info.plist";
				LD_RUNPATH_SEARCH_PATHS = "$(inherited) @executable_path/Frameworks @loader_path/Frameworks";
				PRODUCT_BUNDLE_IDENTIFIER = "com.Blueberry.Card-NoteTests";
				PRODUCT_NAME = "$(TARGET_NAME)";
				SWIFT_VERSION = 4.0;
				TARGETED_DEVICE_FAMILY = "1,2";
				TEST_HOST = "$(BUILT_PRODUCTS_DIR)/Card Note.app/Card Note";
			};
			name = Debug;
		};
		B6BA3AD62064AE5400290BBB /* Release */ = {
			isa = XCBuildConfiguration;
			baseConfigurationReference = 0987D770A305F949EBDD0434 /* Pods-Card NoteTests.release.xcconfig */;
			buildSettings = {
				ALWAYS_EMBED_SWIFT_STANDARD_LIBRARIES = YES;
				BUNDLE_LOADER = "$(TEST_HOST)";
				CODE_SIGN_STYLE = Automatic;
				DEVELOPMENT_TEAM = 3KSH8TJ2RK;
				INFOPLIST_FILE = "Card NoteTests/Info.plist";
				LD_RUNPATH_SEARCH_PATHS = "$(inherited) @executable_path/Frameworks @loader_path/Frameworks";
				PRODUCT_BUNDLE_IDENTIFIER = "com.Blueberry.Card-NoteTests";
				PRODUCT_NAME = "$(TARGET_NAME)";
				SWIFT_VERSION = 4.0;
				TARGETED_DEVICE_FAMILY = "1,2";
				TEST_HOST = "$(BUILT_PRODUCTS_DIR)/Card Note.app/Card Note";
			};
			name = Release;
		};
		B6BA3AD82064AE5400290BBB /* Debug */ = {
			isa = XCBuildConfiguration;
			baseConfigurationReference = AF6D09AFA1C8271D5CA99BB1 /* Pods-Card NoteUITests.debug.xcconfig */;
			buildSettings = {
				ALWAYS_EMBED_SWIFT_STANDARD_LIBRARIES = YES;
				CODE_SIGN_STYLE = Automatic;
				DEVELOPMENT_TEAM = 3KSH8TJ2RK;
				INFOPLIST_FILE = "Card NoteUITests/Info.plist";
				LD_RUNPATH_SEARCH_PATHS = "$(inherited) @executable_path/Frameworks @loader_path/Frameworks";
				PRODUCT_BUNDLE_IDENTIFIER = "com.Blueberry.Card-NoteUITests";
				PRODUCT_NAME = "$(TARGET_NAME)";
				SWIFT_VERSION = 4.0;
				TARGETED_DEVICE_FAMILY = "1,2";
				TEST_TARGET_NAME = "Card Note";
			};
			name = Debug;
		};
		B6BA3AD92064AE5400290BBB /* Release */ = {
			isa = XCBuildConfiguration;
			baseConfigurationReference = 5D5BD78FF6BFDEE29AF0C6C4 /* Pods-Card NoteUITests.release.xcconfig */;
			buildSettings = {
				ALWAYS_EMBED_SWIFT_STANDARD_LIBRARIES = YES;
				CODE_SIGN_STYLE = Automatic;
				DEVELOPMENT_TEAM = 3KSH8TJ2RK;
				INFOPLIST_FILE = "Card NoteUITests/Info.plist";
				LD_RUNPATH_SEARCH_PATHS = "$(inherited) @executable_path/Frameworks @loader_path/Frameworks";
				PRODUCT_BUNDLE_IDENTIFIER = "com.Blueberry.Card-NoteUITests";
				PRODUCT_NAME = "$(TARGET_NAME)";
				SWIFT_VERSION = 4.0;
				TARGETED_DEVICE_FAMILY = "1,2";
				TEST_TARGET_NAME = "Card Note";
			};
			name = Release;
		};
/* End XCBuildConfiguration section */

/* Begin XCConfigurationList section */
		B6BA3AA12064AE5300290BBB /* Build configuration list for PBXProject "Card Note" */ = {
			isa = XCConfigurationList;
			buildConfigurations = (
				B6BA3ACF2064AE5400290BBB /* Debug */,
				B6BA3AD02064AE5400290BBB /* Release */,
			);
			defaultConfigurationIsVisible = 0;
			defaultConfigurationName = Release;
		};
		B6BA3AD12064AE5400290BBB /* Build configuration list for PBXNativeTarget "Card Note" */ = {
			isa = XCConfigurationList;
			buildConfigurations = (
				B6BA3AD22064AE5400290BBB /* Debug */,
				B6BA3AD32064AE5400290BBB /* Release */,
			);
			defaultConfigurationIsVisible = 0;
			defaultConfigurationName = Release;
		};
		B6BA3AD42064AE5400290BBB /* Build configuration list for PBXNativeTarget "Card NoteTests" */ = {
			isa = XCConfigurationList;
			buildConfigurations = (
				B6BA3AD52064AE5400290BBB /* Debug */,
				B6BA3AD62064AE5400290BBB /* Release */,
			);
			defaultConfigurationIsVisible = 0;
			defaultConfigurationName = Release;
		};
		B6BA3AD72064AE5400290BBB /* Build configuration list for PBXNativeTarget "Card NoteUITests" */ = {
			isa = XCConfigurationList;
			buildConfigurations = (
				B6BA3AD82064AE5400290BBB /* Debug */,
				B6BA3AD92064AE5400290BBB /* Release */,
			);
			defaultConfigurationIsVisible = 0;
			defaultConfigurationName = Release;
		};
/* End XCConfigurationList section */

/* Begin XCVersionGroup section */
		B6BA3AB02064AE5300290BBB /* Card_Note.xcdatamodeld */ = {
			isa = XCVersionGroup;
			children = (
				B6BA3AB12064AE5300290BBB /* Card_Note.xcdatamodel */,
			);
			currentVersion = B6BA3AB12064AE5300290BBB /* Card_Note.xcdatamodel */;
			path = Card_Note.xcdatamodeld;
			sourceTree = "<group>";
			versionGroupType = wrapper.xcdatamodel;
		};
/* End XCVersionGroup section */
	};
	rootObject = B6BA3A9E2064AE5300290BBB /* Project object */;
}
